{
  "nodes": {
    "alita": {
      "inputs": {
        "fabric": [
          "iris",
          "fabric"
        ],
        "flake-parts": [
          "iris",
          "flake-parts"
        ],
        "nix-ai-tools": [
          "iris",
          "nix-ai-tools"
        ],
        "nixpkgs": [
          "iris",
          "nixpkgs"
        ],
        "paiTemplate": [
          "iris",
          "paiTemplate"
        ]
      },
      "locked": {
        "lastModified": 1769273833,
        "narHash": "sha256-LNSy5VZm02YViPnE+dIwehOyoqmyLn2TgOGC7dKJlxc=",
        "ref": "refs/heads/main",
        "rev": "2d7420807ce5a35198e429f33f7456a968be306f",
        "revCount": 26,
        "type": "git",
        "url": "ssh://git@github.com/ironcorelabs/alita"
      },
      "original": {
        "type": "git",
        "url": "ssh://git@github.com/ironcorelabs/alita"
      }
    },
    "blueprint": {
      "inputs": {
        "nixpkgs": [
          "iris",
          "nix-ai-tools",
          "nixpkgs"
        ],
        "systems": "systems_4"
      },
      "locked": {
        "lastModified": 1769353768,
        "narHash": "sha256-zI+7cbMI4wMIR57jMjDSEsVb3grapTnURDxxJPYFIW0=",
        "owner": "numtide",
        "repo": "blueprint",
        "rev": "c7da5c70ad1c9b60b6f5d4f674fbe205d48d8f6c",
        "type": "github"
      },
      "original": {
        "owner": "numtide",
        "repo": "blueprint",
        "type": "github"
      }
    },
    "brew-src": {
      "flake": false,
      "locked": {
        "lastModified": 1769363988,
        "narHash": "sha256-BiGPeulrDVetXP+tjxhMcGLUROZAtZIhU5m4MqawCfM=",
        "owner": "Homebrew",
        "repo": "brew",
        "rev": "d01011cac6d72032c75fd2cd9489909e95d9faf2",
        "type": "github"
      },
      "original": {
        "owner": "Homebrew",
        "ref": "5.0.12",
        "repo": "brew",
        "type": "github"
      }
    },
    "city-explorer": {
      "inputs": {
        "flake-utils": [
          "flake-utils"
        ],
        "nixpkgs": [
          "nixpkgs"
        ]
      },
      "locked": {
        "lastModified": 1768625275,
        "narHash": "sha256-rLhXZLdHzts9J269K2YDzO351tk2Tfg3bd4hysW3asU=",
        "owner": "zmre",
        "repo": "city-explorer",
        "rev": "a622e04c6f30247d17098a548e03a3f8b99fd6fd",
        "type": "github"
      },
      "original": {
        "owner": "zmre",
        "repo": "city-explorer",
        "type": "github"
      }
    },
    "clipboard-image": {
      "flake": false,
      "locked": {
        "lastModified": 1754286081,
        "narHash": "sha256-4grne/LEBHoJNHtM3xb+mtu5Abr6Lj1nft0ccowZASU=",
        "owner": "postfen",
        "repo": "clipboard-image.nvim",
        "rev": "5ccecdf27a02b1bf0a2602cf143bcf69f1ca4465",
        "type": "github"
      },
      "original": {
        "owner": "postfen",
        "repo": "clipboard-image.nvim",
        "type": "github"
      }
    },
    "crane": {
      "locked": {
        "lastModified": 1767319442,
        "narHash": "sha256-TXsJUc+nZflFGWLopUxHwdlxYY+ucxbF5IAPLEX5tc4=",
        "owner": "ipetkov",
        "repo": "crane",
        "rev": "607c91ce75d63ea52731933c5396649b9d08284c",
        "type": "github"
      },
      "original": {
        "owner": "ipetkov",
        "repo": "crane",
        "type": "github"
      }
    },
    "crane_2": {
      "locked": {
        "lastModified": 1767319442,
        "narHash": "sha256-TXsJUc+nZflFGWLopUxHwdlxYY+ucxbF5IAPLEX5tc4=",
        "owner": "ipetkov",
        "repo": "crane",
        "rev": "607c91ce75d63ea52731933c5396649b9d08284c",
        "type": "github"
      },
      "original": {
        "owner": "ipetkov",
        "repo": "crane",
        "type": "github"
      }
    },
    "darwin": {
      "inputs": {
        "nixpkgs": [
          "nixpkgs"
        ]
      },
      "locked": {
        "lastModified": 1768764703,
        "narHash": "sha256-5ulSDyOG1U+1sJhkJHYsUOWEsmtLl97O0NTVMvgIVyc=",
        "owner": "nix-darwin",
        "repo": "nix-darwin",
        "rev": "0fc4e7ac670a0ed874abacf73c4b072a6a58064b",
        "type": "github"
      },
      "original": {
        "owner": "nix-darwin",
        "repo": "nix-darwin",
        "type": "github"
      }
    },
    "disko": {
      "inputs": {
        "nixpkgs": [
          "nixpkgs"
        ]
      },
      "locked": {
        "lastModified": 1769524058,
        "narHash": "sha256-zygdD6X1PcVNR2PsyK4ptzrVEiAdbMqLos7utrMDEWE=",
        "owner": "nix-community",
        "repo": "disko",
        "rev": "71a3fc97d80881e91710fe721f1158d3b96ae14d",
        "type": "github"
      },
      "original": {
        "owner": "nix-community",
        "repo": "disko",
        "type": "github"
      }
    },
    "fabric": {
      "flake": false,
      "locked": {
        "lastModified": 1769383114,
        "narHash": "sha256-uQp86E057KxbkFXYkWVmiZxepcr5wGLneKMdp681Lz0=",
        "owner": "danielmiessler",
        "repo": "fabric",
        "rev": "92818294cf7969ad494ccc677deede40cf66760c",
        "type": "github"
      },
      "original": {
        "owner": "danielmiessler",
        "repo": "fabric",
        "type": "github"
      }
    },
    "fenix": {
      "inputs": {
        "nixpkgs": [
          "pwnvim",
          "nixpkgs"
        ],
        "rust-analyzer-src": "rust-analyzer-src"
      },
      "locked": {
        "lastModified": 1769496861,
        "narHash": "sha256-k9DQImIOzSThTs+LNWGOvHCqbONCufULz1SgFjNJfa0=",
        "owner": "nix-community",
        "repo": "fenix",
        "rev": "527e6953a8c12619acc11ca43b2a23240b3c32c6",
        "type": "github"
      },
      "original": {
        "owner": "nix-community",
        "repo": "fenix",
        "type": "github"
      }
    },
    "flake-compat": {
      "locked": {
        "lastModified": 1767039857,
        "narHash": "sha256-vNpUSpF5Nuw8xvDLj2KCwwksIbjua2LZCqhV1LNRDns=",
        "owner": "NixOS",
        "repo": "flake-compat",
        "rev": "5edf11c44bc78a0d334f6334cdaf7d60d732daab",
        "type": "github"
      },
      "original": {
        "owner": "NixOS",
        "repo": "flake-compat",
        "type": "github"
      }
    },
    "flake-file": {
      "locked": {
        "lastModified": 1769416693,
        "narHash": "sha256-pPNc9y+Vhgf5qw9Qvb+8L7iWedX7dQ/7oRH0QWzwJkg=",
        "owner": "vic",
        "repo": "flake-file",
        "rev": "c09729628983ed1e35c8dd43aa3df91a06f80e65",
        "type": "github"
      },
      "original": {
        "owner": "vic",
        "repo": "flake-file",
        "type": "github"
      }
    },
    "flake-parts": {
      "inputs": {
        "nixpkgs-lib": [
          "nixpkgs-lib"
        ]
      },
      "locked": {
        "lastModified": 1768135262,
        "narHash": "sha256-PVvu7OqHBGWN16zSi6tEmPwwHQ4rLPU9Plvs8/1TUBY=",
        "owner": "hercules-ci",
        "repo": "flake-parts",
        "rev": "80daad04eddbbf5a4d883996a73f3f542fa437ac",
        "type": "github"
      },
      "original": {
        "owner": "hercules-ci",
        "repo": "flake-parts",
        "type": "github"
      }
    },
    "flake-utils": {
      "inputs": {
        "systems": "systems"
      },
      "locked": {
        "lastModified": 1731533236,
        "narHash": "sha256-l0KFg5HjrsfsO/JpG+r7fRrqm12kzFHyUHqHCVpMMbI=",
        "owner": "numtide",
        "repo": "flake-utils",
        "rev": "11707dc2f618dd54ca8739b309ec4fc024de578b",
        "type": "github"
      },
      "original": {
        "owner": "numtide",
        "repo": "flake-utils",
        "type": "github"
      }
    },
    "flake-utils_2": {
      "inputs": {
        "systems": "systems_3"
      },
      "locked": {
        "lastModified": 1731533236,
        "narHash": "sha256-l0KFg5HjrsfsO/JpG+r7fRrqm12kzFHyUHqHCVpMMbI=",
        "owner": "numtide",
        "repo": "flake-utils",
        "rev": "11707dc2f618dd54ca8739b309ec4fc024de578b",
        "type": "github"
      },
      "original": {
        "owner": "numtide",
        "repo": "flake-utils",
        "type": "github"
      }
    },
    "flake-utils_3": {
      "inputs": {
        "systems": "systems_5"
      },
      "locked": {
        "lastModified": 1731533236,
        "narHash": "sha256-l0KFg5HjrsfsO/JpG+r7fRrqm12kzFHyUHqHCVpMMbI=",
        "owner": "numtide",
        "repo": "flake-utils",
        "rev": "11707dc2f618dd54ca8739b309ec4fc024de578b",
        "type": "github"
      },
      "original": {
        "owner": "numtide",
        "repo": "flake-utils",
        "type": "github"
      }
    },
    "gh-feed": {
      "flake": false,
      "locked": {
        "lastModified": 1730455616,
        "narHash": "sha256-J43Vd3yuq7Qzk0178ek2S3KE6+87jalKUx1DEsHpl2k=",
        "owner": "rsteube",
        "repo": "gh-feed",
        "rev": "f26cc06361c4c586ca4a7c2cd3ec2b37587248e8",
        "type": "github"
      },
      "original": {
        "owner": "rsteube",
        "repo": "gh-feed",
        "type": "github"
      }
    },
    "gh-worktree": {
      "inputs": {
        "nixpkgs": [
          "nixpkgs"
        ],
        "utils": "utils"
      },
      "locked": {
        "lastModified": 1722488754,
        "narHash": "sha256-L08nKlvOJHXsO1b1XLlYFydJMLgotouvb0h6Ocw/EM4=",
        "owner": "zmre",
        "repo": "gh-worktree",
        "rev": "20f8cbe9e0a2abba22db8fd0a70555ff05a82384",
        "type": "github"
      },
      "original": {
        "owner": "zmre",
        "repo": "gh-worktree",
        "type": "github"
      }
    },
    "hackernews-tui": {
      "flake": false,
      "locked": {
        "lastModified": 1729555763,
        "narHash": "sha256-p2MhVM+dbNiWlhvlSKdwXE37dKEaE2JCmT1Ari3b0WI=",
        "owner": "aome510",
        "repo": "hackernews-TUI",
        "rev": "2da6a91a30aacbfa09ac40692712986034facf68",
        "type": "github"
      },
      "original": {
        "owner": "aome510",
        "repo": "hackernews-TUI",
        "type": "github"
      }
    },
    "home-manager": {
      "inputs": {
        "nixpkgs": [
          "nixpkgs"
        ]
      },
      "locked": {
        "lastModified": 1769544286,
        "narHash": "sha256-tJzEPNC6fMCzF4W8h2YdnvjlI4TpRV/yJg9cTnbwkfc=",
        "owner": "nix-community",
        "repo": "home-manager",
        "rev": "d505dc46dc9831d1db4e7d6e323b2c42d5eba3e6",
        "type": "github"
      },
      "original": {
        "owner": "nix-community",
        "repo": "home-manager",
        "type": "github"
      }
    },
    "homebrew-cask": {
      "flake": false,
      "locked": {
        "lastModified": 1769564679,
        "narHash": "sha256-njDNvoSWNx+EglBgIcsHU1H+/MlZC2UhXv4kn28/9Rk=",
        "owner": "homebrew",
        "repo": "homebrew-cask",
        "rev": "7b3f69893a1a4487934f08fa76e0df6c3e2259fe",
        "type": "github"
      },
      "original": {
        "owner": "homebrew",
        "repo": "homebrew-cask",
        "type": "github"
      }
    },
    "homebrew-core": {
      "flake": false,
      "locked": {
        "lastModified": 1769565152,
        "narHash": "sha256-Efy0zw8M0eonaZWqzHt/PC/3ckokPM0RtAZK90YRb9o=",
        "owner": "homebrew",
        "repo": "homebrew-core",
        "rev": "e82535a3d3097e7341949d58f13177a25c86375d",
        "type": "github"
      },
      "original": {
        "owner": "homebrew",
        "repo": "homebrew-core",
        "type": "github"
      }
    },
    "homebrew-freetube": {
      "flake": false,
      "locked": {
        "lastModified": 1769381066,
        "narHash": "sha256-h0fc5zoIdmG4BHkstMx4cB9avElve7zuJqosc4VtZbA=",
        "owner": "pikachuexe",
        "repo": "homebrew-freetube",
        "rev": "1c385f5e2181589f5c5e6552caf9283d1aa757f5",
        "type": "github"
      },
      "original": {
        "owner": "pikachuexe",
        "repo": "homebrew-freetube",
        "type": "github"
      }
    },
    "import-tree": {
      "locked": {
        "lastModified": 1763762820,
        "narHash": "sha256-ZvYKbFib3AEwiNMLsejb/CWs/OL/srFQ8AogkebEPF0=",
        "owner": "vic",
        "repo": "import-tree",
        "rev": "3c23749d8013ec6daa1d7255057590e9ca726646",
        "type": "github"
      },
      "original": {
        "owner": "vic",
        "repo": "import-tree",
        "type": "github"
      }
    },
    "iris": {
      "inputs": {
        "alita": "alita",
        "fabric": "fabric",
        "flake-parts": [
          "flake-parts"
        ],
        "mbr": "mbr",
        "nix-ai-tools": "nix-ai-tools",
        "nixpkgs": "nixpkgs_4",
        "paiTemplate": "paiTemplate"
      },
      "locked": {
        "lastModified": 1769558511,
        "narHash": "sha256-AVmnSwiD1Va8l4wf2Xq6dT2d0jZEPA3rIemKmxZGCFo=",
        "ref": "refs/heads/main",
        "rev": "231b100a30420d605c5bb5a0b837fb6bf32dfb0b",
        "revCount": 73,
        "type": "git",
        "url": "ssh://git@github.com/zmre/iris.git"
      },
      "original": {
        "type": "git",
        "url": "ssh://git@github.com/zmre/iris.git"
      }
    },
    "ironhide": {
      "inputs": {
        "flake-utils": [
          "flake-utils"
        ],
        "nixpkgs": [
          "nixpkgs"
        ],
        "rust-overlay": [
          "rust-overlay"
        ]
      },
      "locked": {
        "lastModified": 1762464992,
        "narHash": "sha256-mPkPnOyF/uBy2ZN/PFqFouxlCmx6gNofogk80IZKqHo=",
        "owner": "IronCoreLabs",
        "repo": "ironhide",
        "rev": "d81195365c22c2aabfc1c9aafbf4b779863ed4e9",
        "type": "github"
      },
      "original": {
        "owner": "IronCoreLabs",
        "repo": "ironhide",
        "type": "github"
      }
    },
    "ironoxide": {
      "inputs": {
        "flake-utils": [
          "flake-utils"
        ],
        "nixpkgs": [
          "nixpkgs"
        ],
        "rust-overlay": [
          "rust-overlay"
        ]
      },
      "locked": {
        "lastModified": 1768239090,
        "narHash": "sha256-rMwAUMivkVtmNMV46t4hit0hdn7XuRhHLOCbdAcrJHk=",
        "owner": "IronCoreLabs",
        "repo": "ironoxide-cli",
        "rev": "418a6e5fe3254e1929ce060e145d4fb2ce8dec1f",
        "type": "github"
      },
      "original": {
        "owner": "IronCoreLabs",
        "repo": "ironoxide-cli",
        "type": "github"
      }
    },
    "mbr": {
      "inputs": {
        "crane": "crane",
        "flake-utils": "flake-utils_2",
        "nixpkgs": "nixpkgs",
        "rust-overlay": "rust-overlay"
      },
      "locked": {
        "lastModified": 1769550325,
        "narHash": "sha256-uKaXB2QmCtrngjurNlWYcr5OXUt6FCo0sdIxs4aALFQ=",
        "owner": "zmre",
        "repo": "mbr-markdown-browser",
        "rev": "d9a579b99845ad59e77ca28ade55c20bd22ea5cc",
        "type": "github"
      },
      "original": {
        "owner": "zmre",
        "repo": "mbr-markdown-browser",
        "type": "github"
      }
    },
    "mbr-markdown-browser": {
      "inputs": {
        "crane": "crane_2",
        "flake-utils": "flake-utils_3",
        "nixpkgs": "nixpkgs_5",
        "rust-overlay": "rust-overlay_2"
      },
      "locked": {
        "lastModified": 1769550325,
        "narHash": "sha256-uKaXB2QmCtrngjurNlWYcr5OXUt6FCo0sdIxs4aALFQ=",
        "owner": "zmre",
        "repo": "mbr-markdown-browser",
        "rev": "d9a579b99845ad59e77ca28ade55c20bd22ea5cc",
        "type": "github"
      },
      "original": {
        "owner": "zmre",
        "repo": "mbr-markdown-browser",
        "type": "github"
      }
    },
    "nix-ai-tools": {
      "inputs": {
        "blueprint": "blueprint",
        "nixpkgs": "nixpkgs_3",
        "treefmt-nix": "treefmt-nix"
      },
      "locked": {
        "lastModified": 1769557752,
        "narHash": "sha256-8pawZuZlrVmHrIIQW7lj2ErL79XYiPqfWeRLPoO6Xzo=",
        "owner": "numtide",
        "repo": "nix-ai-tools",
        "rev": "c7f7bab72f12b0d9d93d69c8ca7012d4e8c90f28",
        "type": "github"
      },
      "original": {
        "owner": "numtide",
        "repo": "nix-ai-tools",
        "type": "github"
      }
    },
    "nix-homebrew": {
      "inputs": {
        "brew-src": "brew-src"
      },
      "locked": {
        "lastModified": 1769437432,
        "narHash": "sha256-8d7KnCpT2LweRvSzZYEGd9IM3eFX+A78opcnDM0+ndk=",
        "owner": "zhaofengli",
        "repo": "nix-homebrew",
        "rev": "a5409abd0d5013d79775d3419bcac10eacb9d8c5",
        "type": "github"
      },
      "original": {
        "owner": "zhaofengli",
        "repo": "nix-homebrew",
        "type": "github"
      }
    },
    "nix-index-database": {
      "inputs": {
        "nixpkgs": [
          "nixpkgs"
        ]
      },
      "locked": {
        "lastModified": 1765267181,
        "narHash": "sha256-d3NBA9zEtBu2JFMnTBqWj7Tmi7R5OikoU2ycrdhQEws=",
        "owner": "nix-community",
        "repo": "nix-index-database",
        "rev": "82befcf7dc77c909b0f2a09f5da910ec95c5b78f",
        "type": "github"
      },
      "original": {
        "owner": "nix-community",
        "repo": "nix-index-database",
        "type": "github"
      }
    },
    "nixos-hardware": {
      "locked": {
        "lastModified": 1769302137,
        "narHash": "sha256-QEDtctEkOsbx8nlFh4yqPEOtr4tif6KTqWwJ37IM2ds=",
        "owner": "NixOS",
        "repo": "nixos-hardware",
        "rev": "a351494b0e35fd7c0b7a1aae82f0afddf4907aa8",
        "type": "github"
      },
      "original": {
        "owner": "NixOS",
        "repo": "nixos-hardware",
        "type": "github"
      }
    },
    "nixpkgs": {
      "locked": {
        "lastModified": 1765750102,
        "narHash": "sha256-0VK0PKOmryh4V2aBakcTpgshQZ7qRsRRwDm7Eqhs1ZI=",
        "owner": "NixOS",
        "repo": "nixpkgs",
        "rev": "8e8751ad07080fe4d5737a0430cd5c1d3ba5c005",
        "type": "github"
      },
      "original": {
        "owner": "NixOS",
        "ref": "nixpkgs-25.11-darwin",
        "repo": "nixpkgs",
        "type": "github"
      }
    },
    "nixpkgs-stable": {
      "locked": {
        "lastModified": 1769318308,
        "narHash": "sha256-Mjx6p96Pkefks3+aA+72lu1xVehb6mv2yTUUqmSet6Q=",
        "owner": "nixos",
        "repo": "nixpkgs",
        "rev": "1cd347bf3355fce6c64ab37d3967b4a2cb4b878c",
        "type": "github"
      },
      "original": {
        "owner": "nixos",
        "ref": "nixos-25.11",
        "repo": "nixpkgs",
        "type": "github"
      }
    },
    "nixpkgs-stable-darwin": {
      "locked": {
        "lastModified": 1769411457,
        "narHash": "sha256-TbvPOG8U4+dXp84GR7F+Vc6RkEwhkvlu5JnDM5enQ/c=",
        "owner": "nixos",
        "repo": "nixpkgs",
        "rev": "c5db6fba5cac287d9a7aef07045876c888baa21f",
        "type": "github"
      },
      "original": {
        "owner": "nixos",
        "ref": "nixpkgs-25.11-darwin",
        "repo": "nixpkgs",
        "type": "github"
      }
    },
    "nixpkgs_2": {
      "locked": {
        "lastModified": 1744536153,
        "narHash": "sha256-awS2zRgF4uTwrOKwwiJcByDzDOdo3Q1rPZbiHQg/N38=",
        "owner": "NixOS",
        "repo": "nixpkgs",
        "rev": "18dd725c29603f582cf1900e0d25f9f1063dbf11",
        "type": "github"
      },
      "original": {
        "owner": "NixOS",
        "ref": "nixpkgs-unstable",
        "repo": "nixpkgs",
        "type": "github"
      }
    },
    "nixpkgs_3": {
      "locked": {
        "lastModified": 1769433173,
        "narHash": "sha256-Gf1dFYgD344WZ3q0LPlRoWaNdNQq8kSBDLEWulRQSEs=",
        "owner": "NixOS",
        "repo": "nixpkgs",
        "rev": "13b0f9e6ac78abbbb736c635d87845c4f4bee51b",
        "type": "github"
      },
      "original": {
        "owner": "NixOS",
        "ref": "nixpkgs-unstable",
        "repo": "nixpkgs",
        "type": "github"
      }
    },
    "nixpkgs_4": {
      "locked": {
        "lastModified": 1769170682,
        "narHash": "sha256-oMmN1lVQU0F0W2k6OI3bgdzp2YOHWYUAw79qzDSjenU=",
        "owner": "NixOS",
        "repo": "nixpkgs",
        "rev": "c5296fdd05cfa2c187990dd909864da9658df755",
        "type": "github"
      },
      "original": {
        "owner": "NixOS",
        "ref": "nixos-unstable",
        "repo": "nixpkgs",
        "type": "github"
      }
    },
    "nixpkgs_5": {
      "locked": {
        "lastModified": 1765750102,
        "narHash": "sha256-0VK0PKOmryh4V2aBakcTpgshQZ7qRsRRwDm7Eqhs1ZI=",
        "owner": "NixOS",
        "repo": "nixpkgs",
        "rev": "8e8751ad07080fe4d5737a0430cd5c1d3ba5c005",
        "type": "github"
      },
      "original": {
        "owner": "NixOS",
        "ref": "nixpkgs-25.11-darwin",
        "repo": "nixpkgs",
        "type": "github"
      }
    },
    "nixpkgs_6": {
      "locked": {
        "lastModified": 1744536153,
        "narHash": "sha256-awS2zRgF4uTwrOKwwiJcByDzDOdo3Q1rPZbiHQg/N38=",
        "owner": "NixOS",
        "repo": "nixpkgs",
        "rev": "18dd725c29603f582cf1900e0d25f9f1063dbf11",
        "type": "github"
      },
      "original": {
        "owner": "NixOS",
        "ref": "nixpkgs-unstable",
        "repo": "nixpkgs",
        "type": "github"
      }
    },
    "nixpkgs_7": {
      "locked": {
        "lastModified": 1769433173,
        "narHash": "sha256-Gf1dFYgD344WZ3q0LPlRoWaNdNQq8kSBDLEWulRQSEs=",
        "owner": "nixos",
        "repo": "nixpkgs",
        "rev": "13b0f9e6ac78abbbb736c635d87845c4f4bee51b",
        "type": "github"
      },
      "original": {
        "owner": "nixos",
        "ref": "nixpkgs-unstable",
        "repo": "nixpkgs",
        "type": "github"
      }
    },
    "nixpkgs_8": {
      "locked": {
        "lastModified": 1769433173,
        "narHash": "sha256-Gf1dFYgD344WZ3q0LPlRoWaNdNQq8kSBDLEWulRQSEs=",
        "owner": "nixos",
        "repo": "nixpkgs",
        "rev": "13b0f9e6ac78abbbb736c635d87845c4f4bee51b",
        "type": "github"
      },
      "original": {
        "owner": "nixos",
        "ref": "nixpkgs-unstable",
        "repo": "nixpkgs",
        "type": "github"
      }
    },
    "nixpkgs_9": {
      "locked": {
        "lastModified": 1744536153,
        "narHash": "sha256-awS2zRgF4uTwrOKwwiJcByDzDOdo3Q1rPZbiHQg/N38=",
        "owner": "NixOS",
        "repo": "nixpkgs",
        "rev": "18dd725c29603f582cf1900e0d25f9f1063dbf11",
        "type": "github"
      },
      "original": {
        "owner": "NixOS",
        "ref": "nixpkgs-unstable",
        "repo": "nixpkgs",
        "type": "github"
      }
    },
    "nur": {
      "inputs": {
        "flake-parts": [
          "flake-parts"
        ],
        "nixpkgs": [
          "nixpkgs"
        ]
      },
      "locked": {
        "lastModified": 1769565627,
        "narHash": "sha256-1ekH/FuKqwN0nJ6v8/177YeIJafD479D7TVDjWaIeB8=",
        "owner": "nix-community",
        "repo": "NUR",
        "rev": "ddcbea1dd34bf8f515a580200dcbd15437d89543",
        "type": "github"
      },
      "original": {
        "owner": "nix-community",
        "repo": "NUR",
        "type": "github"
      }
    },
    "nvim-treesitter-textobjects": {
      "flake": false,
      "locked": {
        "lastModified": 1769263844,
        "narHash": "sha256-9qpTwJqfkpF/M7MVE2VgEU9ptIYUcNvWrWM0nQxXo7M=",
        "owner": "nvim-treesitter",
        "repo": "nvim-treesitter-textobjects",
        "rev": "52bda74e087034408e2d563cb4499c1601038f9d",
        "type": "github"
      },
      "original": {
        "owner": "nvim-treesitter",
        "ref": "main",
        "repo": "nvim-treesitter-textobjects",
        "type": "github"
      }
    },
    "paiTemplate": {
      "inputs": {
        "fabric": [
          "iris",
          "fabric"
        ],
        "flake-parts": [
          "iris",
          "flake-parts"
        ],
        "nix-ai-tools": [
          "iris",
          "nix-ai-tools"
        ],
        "nixpkgs": [
          "iris",
          "nixpkgs"
        ]
      },
      "locked": {
        "lastModified": 1769557636,
        "narHash": "sha256-wkZ/Yt2JR3ikFbMdAUAR8LQEl+9nxpxm8xDD1C8UJNI=",
        "owner": "zmre",
        "repo": "nix-pai",
        "rev": "62b2d982a9c0d1703ff1a054ea8ac70577796a63",
        "type": "github"
      },
      "original": {
        "owner": "zmre",
        "repo": "nix-pai",
        "type": "github"
      }
    },
    "promise-lua": {
      "flake": false,
      "locked": {
        "lastModified": 1603853302,
        "narHash": "sha256-LNNLTAAEPIalRSjC6z8QTkhnmwpFAHSlwxuFxb9r2OE=",
        "owner": "pyericz",
        "repo": "promise-lua",
        "rev": "20d2ab1bb6aa398fe06ba597c943077a72c22451",
        "type": "github"
      },
      "original": {
        "owner": "pyericz",
        "repo": "promise-lua",
        "type": "github"
      }
    },
    "pwaerospace": {
      "inputs": {
        "flake-utils": [
          "flake-utils"
        ],
        "nixpkgs": [
          "nixpkgs"
        ],
        "promise-lua": "promise-lua",
        "sbarlua": "sbarlua",
        "sketchybar": "sketchybar"
      },
      "locked": {
        "lastModified": 1768441750,
        "narHash": "sha256-6teEPrTXsyQceyAaqC7IJ49eE/n4JCnSvRat5wXVNh0=",
        "owner": "zmre",
        "repo": "aerospace-sketchybar-nix-lua-config",
        "rev": "fb249cdaec64dca37a77b32bd18f7dd24082def7",
        "type": "github"
      },
      "original": {
        "owner": "zmre",
        "repo": "aerospace-sketchybar-nix-lua-config",
        "type": "github"
      }
    },
    "pwneovide": {
      "inputs": {
        "flake-compat": [
          "flake-compat"
        ],
        "flake-utils": [
          "flake-utils"
        ],
        "nixpkgs": [
          "nixpkgs"
        ],
        "pwnvim": [
          "pwnvim"
        ],
        "rust-overlay": "rust-overlay_3"
      },
      "locked": {
        "lastModified": 1768447987,
        "narHash": "sha256-9h4Mtp8DB7FgPoprsN56QqRbnhykEgs5welsKzf3bjA=",
        "owner": "zmre",
        "repo": "pwneovide",
        "rev": "777243d8088efa2cab2ba7dce94202d4417fe8b8",
        "type": "github"
      },
      "original": {
        "owner": "zmre",
        "repo": "pwneovide",
        "type": "github"
      }
    },
    "pwnvim": {
      "inputs": {
        "clipboard-image": "clipboard-image",
        "fenix": "fenix",
        "flake-compat": [
          "flake-compat"
        ],
        "flake-utils": [
          "flake-utils"
        ],
        "mbr": [
          "mbr-markdown-browser"
        ],
        "nixpkgs": "nixpkgs_8",
        "nvim-treesitter-textobjects": "nvim-treesitter-textobjects",
        "todo-comments-nvim": "todo-comments-nvim"
      },
      "locked": {
        "lastModified": 1769567022,
        "narHash": "sha256-EkhkvGTsAP1OWOf+Vi8k4T2q2wyFxA+PvhqOFTqKr+w=",
        "owner": "zmre",
        "repo": "pwnvim",
        "rev": "436d8efbd814b9f3f56ce589aaceb14bfa284a1a",
        "type": "github"
      },
      "original": {
        "owner": "zmre",
        "repo": "pwnvim",
        "type": "github"
      }
    },
    "root": {
      "inputs": {
        "city-explorer": "city-explorer",
        "darwin": "darwin",
        "disko": "disko",
        "flake-compat": "flake-compat",
        "flake-file": "flake-file",
        "flake-parts": "flake-parts",
        "flake-utils": "flake-utils",
        "gh-feed": "gh-feed",
        "gh-worktree": "gh-worktree",
        "hackernews-tui": "hackernews-tui",
        "home-manager": "home-manager",
        "homebrew-cask": "homebrew-cask",
        "homebrew-core": "homebrew-core",
        "homebrew-freetube": "homebrew-freetube",
        "import-tree": "import-tree",
        "iris": "iris",
        "ironhide": "ironhide",
        "ironoxide": "ironoxide",
        "mbr-markdown-browser": "mbr-markdown-browser",
        "nix-homebrew": "nix-homebrew",
        "nix-index-database": "nix-index-database",
        "nixos-hardware": "nixos-hardware",
        "nixpkgs": "nixpkgs_7",
        "nixpkgs-lib": [
          "nixpkgs"
        ],
        "nixpkgs-stable": "nixpkgs-stable",
        "nixpkgs-stable-darwin": "nixpkgs-stable-darwin",
        "nur": "nur",
        "pwaerospace": "pwaerospace",
        "pwneovide": "pwneovide",
        "pwnvim": "pwnvim",
        "rust-overlay": "rust-overlay_4",
        "sbhosts": "sbhosts",
        "systems": "systems_6",
        "yazi-flavors": "yazi-flavors",
        "yazi-quicklook": "yazi-quicklook"
      }
    },
    "rust-analyzer-src": {
      "flake": false,
      "locked": {
        "lastModified": 1769441130,
        "narHash": "sha256-0NHoMBB8M/420szPe/B5rtDz3q0qsqfWyuAmkJGWX/s=",
        "owner": "rust-lang",
        "repo": "rust-analyzer",
        "rev": "e2ab48898ed0f91b969e699abc5cec4ebbb0ac0e",
        "type": "github"
      },
      "original": {
        "owner": "rust-lang",
        "ref": "nightly",
        "repo": "rust-analyzer",
        "type": "github"
      }
    },
    "rust-overlay": {
      "inputs": {
        "nixpkgs": "nixpkgs_2"
      },
      "locked": {
        "lastModified": 1765852971,
        "narHash": "sha256-rQdOMqfQNhcfqvh1dFIVWh09mrIWwerUJqqBdhIsf8g=",
        "owner": "oxalica",
        "repo": "rust-overlay",
        "rev": "5f98ccecc9f1bc1c19c0a350a659af1a04b3b319",
        "type": "github"
      },
      "original": {
        "owner": "oxalica",
        "repo": "rust-overlay",
        "type": "github"
      }
    },
    "rust-overlay_2": {
      "inputs": {
        "nixpkgs": "nixpkgs_6"
      },
      "locked": {
        "lastModified": 1765852971,
        "narHash": "sha256-rQdOMqfQNhcfqvh1dFIVWh09mrIWwerUJqqBdhIsf8g=",
        "owner": "oxalica",
        "repo": "rust-overlay",
        "rev": "5f98ccecc9f1bc1c19c0a350a659af1a04b3b319",
        "type": "github"
      },
      "original": {
        "owner": "oxalica",
        "repo": "rust-overlay",
        "type": "github"
      }
    },
    "rust-overlay_3": {
      "inputs": {
        "nixpkgs": [
          "pwneovide",
          "nixpkgs"
        ]
      },
      "locked": {
        "lastModified": 1768445213,
        "narHash": "sha256-y0BglISgDr61vvdb35m0O4npuqh1pojlBNDILo9j8AI=",
        "owner": "oxalica",
        "repo": "rust-overlay",
        "rev": "1cd63408e71cc0e6a89ff2cb7c4107214e2523cc",
        "type": "github"
      },
      "original": {
        "owner": "oxalica",
        "repo": "rust-overlay",
        "type": "github"
      }
    },
    "rust-overlay_4": {
      "inputs": {
        "nixpkgs": "nixpkgs_9"
      },
      "locked": {
        "lastModified": 1769482338,
        "narHash": "sha256-SVwjMqR981PEdEdRvYj5Mefnd61GLinWmIr7GMu7LW8=",
        "owner": "oxalica",
        "repo": "rust-overlay",
        "rev": "dc9c76a75a6d382613cdcb1a3f95640e9cedcdea",
        "type": "github"
      },
      "original": {
        "owner": "oxalica",
        "repo": "rust-overlay",
        "type": "github"
      }
    },
    "sbarlua": {
      "flake": false,
      "locked": {
        "lastModified": 1723484726,
        "narHash": "sha256-F0UfNxHM389GhiPQ6/GFbeKQq5EvpiqQdvyf7ygzkPg=",
        "owner": "FelixKratz",
        "repo": "SbarLua",
        "rev": "437bd2031da38ccda75827cb7548e7baa4aa9978",
        "type": "github"
      },
      "original": {
        "owner": "FelixKratz",
        "repo": "SbarLua",
        "type": "github"
      }
    },
    "sbhosts": {
      "flake": false,
      "locked": {
        "lastModified": 1769370427,
        "narHash": "sha256-NEBWlyBQllOI5L2dneXFxHYKM7kB7uofyJIIzGYRdVI=",
        "owner": "StevenBlack",
        "repo": "hosts",
        "rev": "6897cff7b21b609800ddd61abe109587079a4ca1",
        "type": "github"
      },
      "original": {
        "owner": "StevenBlack",
        "repo": "hosts",
        "type": "github"
      }
    },
    "sketchybar": {
      "flake": false,
      "locked": {
        "lastModified": 1768056282,
        "narHash": "sha256-Tz0VCwhYdBClCW/7g5oxzKtFQZZn++9ufZ3eS/wLMGk=",
        "owner": "FelixKratz",
        "repo": "SketchyBar",
        "rev": "4c241746b3af9a14a0ad69012ace5305b7f0a53b",
        "type": "github"
      },
      "original": {
        "owner": "FelixKratz",
        "repo": "SketchyBar",
        "type": "github"
      }
    },
    "systems": {
      "locked": {
        "lastModified": 1681028828,
        "narHash": "sha256-Vy1rq5AaRuLzOxct8nz4T6wlgyUR7zLU309k9mBC768=",
        "owner": "nix-systems",
        "repo": "default",
        "rev": "da67096a3b9bf56a91d16901293e51ba5b49a27e",
        "type": "github"
      },
      "original": {
        "owner": "nix-systems",
        "repo": "default",
        "type": "github"
      }
    },
    "systems_2": {
      "locked": {
        "lastModified": 1681028828,
        "narHash": "sha256-Vy1rq5AaRuLzOxct8nz4T6wlgyUR7zLU309k9mBC768=",
        "owner": "nix-systems",
        "repo": "default",
        "rev": "da67096a3b9bf56a91d16901293e51ba5b49a27e",
        "type": "github"
      },
      "original": {
        "owner": "nix-systems",
        "repo": "default",
        "type": "github"
      }
    },
    "systems_3": {
      "locked": {
        "lastModified": 1681028828,
        "narHash": "sha256-Vy1rq5AaRuLzOxct8nz4T6wlgyUR7zLU309k9mBC768=",
        "owner": "nix-systems",
        "repo": "default",
        "rev": "da67096a3b9bf56a91d16901293e51ba5b49a27e",
        "type": "github"
      },
      "original": {
        "owner": "nix-systems",
        "repo": "default",
        "type": "github"
      }
    },
    "systems_4": {
      "locked": {
        "lastModified": 1681028828,
        "narHash": "sha256-Vy1rq5AaRuLzOxct8nz4T6wlgyUR7zLU309k9mBC768=",
        "owner": "nix-systems",
        "repo": "default",
        "rev": "da67096a3b9bf56a91d16901293e51ba5b49a27e",
        "type": "github"
      },
      "original": {
        "owner": "nix-systems",
        "repo": "default",
        "type": "github"
      }
    },
    "systems_5": {
      "locked": {
        "lastModified": 1681028828,
        "narHash": "sha256-Vy1rq5AaRuLzOxct8nz4T6wlgyUR7zLU309k9mBC768=",
        "owner": "nix-systems",
        "repo": "default",
        "rev": "da67096a3b9bf56a91d16901293e51ba5b49a27e",
        "type": "github"
      },
      "original": {
        "owner": "nix-systems",
        "repo": "default",
        "type": "github"
      }
    },
    "systems_6": {
      "locked": {
        "lastModified": 1681028828,
        "narHash": "sha256-Vy1rq5AaRuLzOxct8nz4T6wlgyUR7zLU309k9mBC768=",
        "owner": "nix-systems",
        "repo": "default",
        "rev": "da67096a3b9bf56a91d16901293e51ba5b49a27e",
        "type": "github"
      },
      "original": {
        "owner": "nix-systems",
        "repo": "default",
        "type": "github"
      }
    },
    "todo-comments-nvim": {
      "flake": false,
      "locked": {
        "lastModified": 1764472331,
        "narHash": "sha256-FRB0KcLCtlycH1YS6ko+CsHqO7bHhkzu/XvThU6GD68=",
        "owner": "belltoy",
        "repo": "todo-comments.nvim",
        "rev": "dbe224bc0bd4378425cbd65602386f5846bd7354",
        "type": "github"
      },
      "original": {
        "owner": "belltoy",
        "ref": "main",
        "repo": "todo-comments.nvim",
        "type": "github"
      }
    },
    "treefmt-nix": {
      "inputs": {
        "nixpkgs": [
          "iris",
          "nix-ai-tools",
          "nixpkgs"
        ]
      },
      "locked": {
        "lastModified": 1769515380,
        "narHash": "sha256-CWWK3PaQ7zhr+Jcf5zyaTR2cfRBXPo09H7+5nWApL8s=",
        "owner": "numtide",
        "repo": "treefmt-nix",
        "rev": "9911802c2822def2eec3d22e2cafd1619ede94a5",
        "type": "github"
      },
      "original": {
        "owner": "numtide",
        "repo": "treefmt-nix",
        "type": "github"
      }
    },
    "utils": {
      "inputs": {
        "systems": "systems_2"
      },
      "locked": {
        "lastModified": 1710146030,
        "narHash": "sha256-SZ5L6eA7HJ/nmkzGG7/ISclqe6oZdOZTNoesiInkXPQ=",
        "owner": "numtide",
        "repo": "flake-utils",
        "rev": "b1d9ab70662946ef0850d488da1c9019f3a9752a",
        "type": "github"
      },
      "original": {
        "owner": "numtide",
        "repo": "flake-utils",
        "type": "github"
      }
    },
    "yazi-flavors": {
      "flake": false,
      "locked": {
        "lastModified": 1768756605,
        "narHash": "sha256-xGnebGuSOZpQl/QhuZkwgrjfAlfbEtruA9UVe030mZM=",
        "owner": "yazi-rs",
        "repo": "flavors",
        "rev": "ca6165818bb84d46af5fd8f95bedd2b1c395890a",
        "type": "github"
      },
      "original": {
        "owner": "yazi-rs",
        "repo": "flavors",
        "type": "github"
      }
    },
    "yazi-quicklook": {
      "flake": false,
      "locked": {
        "lastModified": 1769095748,
        "narHash": "sha256-FaioT4Vx2TKC+wCAwRjE0byiivw7NuCvnt34DHJB25c=",
        "owner": "vvatikiotis",
        "repo": "quicklook.yazi",
        "rev": "f8f8feb686a773bfc296e3f76faf04b1ddc21772",
        "type": "github"
      },
      "original": {
        "owner": "vvatikiotis",
        "repo": "quicklook.yazi",
        "type": "github"
      }
    }
  },
  "root": "root",
  "version": 7
}
