{
  "nodes": {
    "alita": {
      "inputs": {
        "fabric": [
          "iris",
          "fabric"
        ],
        "flake-parts": [
          "iris",
          "flake-parts"
        ],
        "nix-ai-tools": [
          "iris",
          "nix-ai-tools"
        ],
        "nixpkgs": [
          "iris",
          "nixpkgs"
        ],
        "paiTemplate": [
          "iris",
          "paiTemplate"
        ]
      },
      "locked": {
        "lastModified": 1767311930,
        "narHash": "sha256-XE1OlxEjcBHX7tDWwaN8JbaBItwQczATd3/lPjW6K8c=",
        "ref": "refs/heads/main",
        "rev": "3f30afdb4124d7c371c7f894646815036e1c50e0",
        "revCount": 24,
        "type": "git",
        "url": "ssh://git@github.com/ironcorelabs/alita"
      },
      "original": {
        "type": "git",
        "url": "ssh://git@github.com/ironcorelabs/alita"
      }
    },
    "blueprint": {
      "inputs": {
        "nixpkgs": [
          "iris",
          "nix-ai-tools",
          "nixpkgs"
        ],
        "systems": "systems_3"
      },
      "locked": {
        "lastModified": 1767386128,
        "narHash": "sha256-BJDu7dIMauO2nYRSL4aI8wDNtEm2KOb7lDKP3hxdrpo=",
        "owner": "numtide",
        "repo": "blueprint",
        "rev": "0ed984d51a3031065925ab08812a5434f40b93d4",
        "type": "github"
      },
      "original": {
        "owner": "numtide",
        "repo": "blueprint",
        "type": "github"
      }
    },
    "brew-src": {
      "flake": false,
      "locked": {
        "lastModified": 1763638478,
        "narHash": "sha256-n/IMowE9S23ovmTkKX7KhxXC2Yq41EAVFR2FBIXPcT8=",
        "owner": "Homebrew",
        "repo": "brew",
        "rev": "fbfdbaba008189499958a7aeb1e2c36ab10c067d",
        "type": "github"
      },
      "original": {
        "owner": "Homebrew",
        "ref": "5.0.3",
        "repo": "brew",
        "type": "github"
      }
    },
    "clipboard-image": {
      "flake": false,
      "locked": {
        "lastModified": 1754286081,
        "narHash": "sha256-4grne/LEBHoJNHtM3xb+mtu5Abr6Lj1nft0ccowZASU=",
        "owner": "postfen",
        "repo": "clipboard-image.nvim",
        "rev": "5ccecdf27a02b1bf0a2602cf143bcf69f1ca4465",
        "type": "github"
      },
      "original": {
        "owner": "postfen",
        "repo": "clipboard-image.nvim",
        "type": "github"
      }
    },
    "crane": {
      "locked": {
        "lastModified": 1767319442,
        "narHash": "sha256-TXsJUc+nZflFGWLopUxHwdlxYY+ucxbF5IAPLEX5tc4=",
        "owner": "ipetkov",
        "repo": "crane",
        "rev": "607c91ce75d63ea52731933c5396649b9d08284c",
        "type": "github"
      },
      "original": {
        "owner": "ipetkov",
        "repo": "crane",
        "type": "github"
      }
    },
    "crane_2": {
      "locked": {
        "lastModified": 1767319442,
        "narHash": "sha256-TXsJUc+nZflFGWLopUxHwdlxYY+ucxbF5IAPLEX5tc4=",
        "owner": "ipetkov",
        "repo": "crane",
        "rev": "607c91ce75d63ea52731933c5396649b9d08284c",
        "type": "github"
      },
      "original": {
        "owner": "ipetkov",
        "repo": "crane",
        "type": "github"
      }
    },
    "darwin": {
      "inputs": {
        "nixpkgs": [
          "nixpkgs"
        ]
      },
      "locked": {
        "lastModified": 1767028240,
        "narHash": "sha256-0/fLUqwJ4Z774muguUyn5t8AQ6wyxlNbHexpje+5hRo=",
        "owner": "nix-darwin",
        "repo": "nix-darwin",
        "rev": "c31afa6e76da9bbc7c9295e39c7de9fca1071ea1",
        "type": "github"
      },
      "original": {
        "owner": "nix-darwin",
        "repo": "nix-darwin",
        "type": "github"
      }
    },
    "disko": {
      "inputs": {
        "nixpkgs": [
          "nixpkgs"
        ]
      },
      "locked": {
        "lastModified": 1766150702,
        "narHash": "sha256-P0kM+5o+DKnB6raXgFEk3azw8Wqg5FL6wyl9jD+G5a4=",
        "owner": "nix-community",
        "repo": "disko",
        "rev": "916506443ecd0d0b4a0f4cf9d40a3c22ce39b378",
        "type": "github"
      },
      "original": {
        "owner": "nix-community",
        "repo": "disko",
        "type": "github"
      }
    },
    "fabric": {
      "flake": false,
      "locked": {
        "lastModified": 1767761346,
        "narHash": "sha256-teN3N58pIObG/snAjbcQfOX3TMxr83XLVA4JK/YjQiI=",
        "owner": "danielmiessler",
        "repo": "fabric",
        "rev": "d96a1721bbd5cc675b81cf37dac8a8a3a6bb5725",
        "type": "github"
      },
      "original": {
        "owner": "danielmiessler",
        "repo": "fabric",
        "type": "github"
      }
    },
    "fenix": {
      "inputs": {
        "nixpkgs": [
          "pwnvim",
          "nixpkgs"
        ],
        "rust-analyzer-src": "rust-analyzer-src"
      },
      "locked": {
        "lastModified": 1767596244,
        "narHash": "sha256-P4NRZUjYbeuzv4hGrXxfdg0QpdGVoeNn0CMmzIyr398=",
        "owner": "nix-community",
        "repo": "fenix",
        "rev": "eedfb5a27900e82ec0390acc83d4d226ce86e714",
        "type": "github"
      },
      "original": {
        "owner": "nix-community",
        "repo": "fenix",
        "type": "github"
      }
    },
    "flake-compat": {
      "locked": {
        "lastModified": 1767039857,
        "narHash": "sha256-vNpUSpF5Nuw8xvDLj2KCwwksIbjua2LZCqhV1LNRDns=",
        "owner": "NixOS",
        "repo": "flake-compat",
        "rev": "5edf11c44bc78a0d334f6334cdaf7d60d732daab",
        "type": "github"
      },
      "original": {
        "owner": "NixOS",
        "repo": "flake-compat",
        "type": "github"
      }
    },
    "flake-file": {
      "locked": {
        "lastModified": 1763763269,
        "narHash": "sha256-i49Qkjy5TD5IPOp7lcqD5Bh47+FCFnJHNfn/Di/ysYU=",
        "owner": "vic",
        "repo": "flake-file",
        "rev": "af92ed37624496a435da68e5597f9a6593cdf0c4",
        "type": "github"
      },
      "original": {
        "owner": "vic",
        "repo": "flake-file",
        "type": "github"
      }
    },
    "flake-parts": {
      "inputs": {
        "nixpkgs-lib": [
          "nixpkgs-lib"
        ]
      },
      "locked": {
        "lastModified": 1767609335,
        "narHash": "sha256-feveD98mQpptwrAEggBQKJTYbvwwglSbOv53uCfH9PY=",
        "owner": "hercules-ci",
        "repo": "flake-parts",
        "rev": "250481aafeb741edfe23d29195671c19b36b6dca",
        "type": "github"
      },
      "original": {
        "owner": "hercules-ci",
        "repo": "flake-parts",
        "type": "github"
      }
    },
    "flake-utils": {
      "inputs": {
        "systems": "systems"
      },
      "locked": {
        "lastModified": 1731533236,
        "narHash": "sha256-l0KFg5HjrsfsO/JpG+r7fRrqm12kzFHyUHqHCVpMMbI=",
        "owner": "numtide",
        "repo": "flake-utils",
        "rev": "11707dc2f618dd54ca8739b309ec4fc024de578b",
        "type": "github"
      },
      "original": {
        "owner": "numtide",
        "repo": "flake-utils",
        "type": "github"
      }
    },
    "flake-utils_2": {
      "inputs": {
        "systems": "systems_4"
      },
      "locked": {
        "lastModified": 1731533236,
        "narHash": "sha256-l0KFg5HjrsfsO/JpG+r7fRrqm12kzFHyUHqHCVpMMbI=",
        "owner": "numtide",
        "repo": "flake-utils",
        "rev": "11707dc2f618dd54ca8739b309ec4fc024de578b",
        "type": "github"
      },
      "original": {
        "owner": "numtide",
        "repo": "flake-utils",
        "type": "github"
      }
    },
    "flake-utils_3": {
      "inputs": {
        "systems": "systems_5"
      },
      "locked": {
        "lastModified": 1731533236,
        "narHash": "sha256-l0KFg5HjrsfsO/JpG+r7fRrqm12kzFHyUHqHCVpMMbI=",
        "owner": "numtide",
        "repo": "flake-utils",
        "rev": "11707dc2f618dd54ca8739b309ec4fc024de578b",
        "type": "github"
      },
      "original": {
        "owner": "numtide",
        "repo": "flake-utils",
        "type": "github"
      }
    },
    "gh-feed": {
      "flake": false,
      "locked": {
        "lastModified": 1730455616,
        "narHash": "sha256-J43Vd3yuq7Qzk0178ek2S3KE6+87jalKUx1DEsHpl2k=",
        "owner": "rsteube",
        "repo": "gh-feed",
        "rev": "f26cc06361c4c586ca4a7c2cd3ec2b37587248e8",
        "type": "github"
      },
      "original": {
        "owner": "rsteube",
        "repo": "gh-feed",
        "type": "github"
      }
    },
    "gh-worktree": {
      "inputs": {
        "nixpkgs": [
          "nixpkgs"
        ],
        "utils": "utils"
      },
      "locked": {
        "lastModified": 1722488754,
        "narHash": "sha256-L08nKlvOJHXsO1b1XLlYFydJMLgotouvb0h6Ocw/EM4=",
        "owner": "zmre",
        "repo": "gh-worktree",
        "rev": "20f8cbe9e0a2abba22db8fd0a70555ff05a82384",
        "type": "github"
      },
      "original": {
        "owner": "zmre",
        "repo": "gh-worktree",
        "type": "github"
      }
    },
    "hackernews-tui": {
      "flake": false,
      "locked": {
        "lastModified": 1729555763,
        "narHash": "sha256-p2MhVM+dbNiWlhvlSKdwXE37dKEaE2JCmT1Ari3b0WI=",
        "owner": "aome510",
        "repo": "hackernews-TUI",
        "rev": "2da6a91a30aacbfa09ac40692712986034facf68",
        "type": "github"
      },
      "original": {
        "owner": "aome510",
        "repo": "hackernews-TUI",
        "type": "github"
      }
    },
    "home-manager": {
      "inputs": {
        "nixpkgs": [
          "nixpkgs"
        ]
      },
      "locked": {
        "lastModified": 1767619743,
        "narHash": "sha256-N0kK1JqxIjFl7hPAfhkW6C9AO7feYJUWLPyqJO2VuQQ=",
        "owner": "nix-community",
        "repo": "home-manager",
        "rev": "a65c04965c841eb01ba401f5162f12bc8d52014f",
        "type": "github"
      },
      "original": {
        "owner": "nix-community",
        "repo": "home-manager",
        "type": "github"
      }
    },
    "homebrew-cask": {
      "flake": false,
      "locked": {
        "lastModified": 1767673328,
        "narHash": "sha256-p04l9Q9omQN3QW06XhdN8D7vZ9fdXCd+T8G3uRdnO7k=",
        "owner": "homebrew",
        "repo": "homebrew-cask",
        "rev": "4e329dfa25887368ad1e1a0253d73b9827bd8158",
        "type": "github"
      },
      "original": {
        "owner": "homebrew",
        "repo": "homebrew-cask",
        "type": "github"
      }
    },
    "homebrew-core": {
      "flake": false,
      "locked": {
        "lastModified": 1767673766,
        "narHash": "sha256-e8uqjghSz39EGFqUImeL0Pw1U7hvvtetCD2oLlgecwQ=",
        "owner": "homebrew",
        "repo": "homebrew-core",
        "rev": "f4c300f67117accdfe4f187da25642f5a608ddea",
        "type": "github"
      },
      "original": {
        "owner": "homebrew",
        "repo": "homebrew-core",
        "type": "github"
      }
    },
    "homebrew-freetube": {
      "flake": false,
      "locked": {
        "lastModified": 1765764093,
        "narHash": "sha256-G0MWpr78TB4IQRfUz9X/81DtzyD9i0ehgz+OoWfntcY=",
        "owner": "pikachuexe",
        "repo": "homebrew-freetube",
        "rev": "4294273e8294139b59fab87555a62a97f8f11e5c",
        "type": "github"
      },
      "original": {
        "owner": "pikachuexe",
        "repo": "homebrew-freetube",
        "type": "github"
      }
    },
    "import-tree": {
      "locked": {
        "lastModified": 1763762820,
        "narHash": "sha256-ZvYKbFib3AEwiNMLsejb/CWs/OL/srFQ8AogkebEPF0=",
        "owner": "vic",
        "repo": "import-tree",
        "rev": "3c23749d8013ec6daa1d7255057590e9ca726646",
        "type": "github"
      },
      "original": {
        "owner": "vic",
        "repo": "import-tree",
        "type": "github"
      }
    },
    "iris": {
      "inputs": {
        "alita": "alita",
        "fabric": "fabric",
        "flake-parts": [
          "flake-parts"
        ],
        "nix-ai-tools": "nix-ai-tools",
        "nixpkgs": "nixpkgs_2",
        "paiTemplate": "paiTemplate"
      },
      "locked": {
        "lastModified": 1767900466,
        "narHash": "sha256-jQt56iQ0QzV1vbg1I40J83T+wHUxarN0QhAOzy5QW3Q=",
        "ref": "refs/heads/main",
        "rev": "1570aea477165688e0484d7e1e64ef55b17a1c5d",
        "revCount": 60,
        "type": "git",
        "url": "ssh://git@github.com/zmre/iris.git"
      },
      "original": {
        "type": "git",
        "url": "ssh://git@github.com/zmre/iris.git"
      }
    },
    "ironhide": {
      "inputs": {
        "flake-utils": [
          "flake-utils"
        ],
        "nixpkgs": [
          "nixpkgs"
        ],
        "rust-overlay": [
          "rust-overlay"
        ]
      },
      "locked": {
        "lastModified": 1762464992,
        "narHash": "sha256-mPkPnOyF/uBy2ZN/PFqFouxlCmx6gNofogk80IZKqHo=",
        "owner": "IronCoreLabs",
        "repo": "ironhide",
        "rev": "d81195365c22c2aabfc1c9aafbf4b779863ed4e9",
        "type": "github"
      },
      "original": {
        "owner": "IronCoreLabs",
        "repo": "ironhide",
        "type": "github"
      }
    },
    "ironoxide": {
      "inputs": {
        "flake-utils": [
          "flake-utils"
        ],
        "nixpkgs": [
          "nixpkgs"
        ],
        "rust-overlay": [
          "rust-overlay"
        ]
      },
      "locked": {
        "lastModified": 1767643636,
        "narHash": "sha256-O04+Zd9/i/ORt3nDxc2yeN0LtF+0OSPyggBkMNfw0u8=",
        "owner": "IronCoreLabs",
        "repo": "ironoxide-cli",
        "rev": "3b44a868beb70a9427d610b093304bbd37c7b4dc",
        "type": "github"
      },
      "original": {
        "owner": "IronCoreLabs",
        "repo": "ironoxide-cli",
        "type": "github"
      }
    },
    "mbr": {
      "inputs": {
        "crane": "crane_2",
        "flake-utils": "flake-utils_3",
        "nixpkgs": [
          "pwnvim",
          "nixpkgs"
        ],
        "rust-overlay": "rust-overlay_3"
      },
      "locked": {
        "lastModified": 1767637327,
        "narHash": "sha256-N2S8nhCWmgIxMbZeT5h5vGckEI05r1XwJ4IYFH7OePU=",
        "owner": "zmre",
        "repo": "mbr-markdown-browser",
        "rev": "afce9acb7fee89cf61d1536bbca38e29f407cc24",
        "type": "github"
      },
      "original": {
        "owner": "zmre",
        "repo": "mbr-markdown-browser",
        "type": "github"
      }
    },
    "mbr-markdown-browser": {
      "inputs": {
        "crane": "crane",
        "flake-utils": "flake-utils_2",
        "nixpkgs": "nixpkgs_3",
        "rust-overlay": "rust-overlay"
      },
      "locked": {
        "lastModified": 1767844892,
        "narHash": "sha256-Ns/DM4uNDJy6lQTtelSEQlRhN6/HuHoej+/xiBaiqh8=",
        "owner": "zmre",
        "repo": "mbr-markdown-browser",
        "rev": "cedbac38416bd83f56b24fb98bb460b9e2f6d524",
        "type": "github"
      },
      "original": {
        "owner": "zmre",
        "repo": "mbr-markdown-browser",
        "type": "github"
      }
    },
    "nix-ai-tools": {
      "inputs": {
        "blueprint": "blueprint",
        "nixpkgs": "nixpkgs",
        "treefmt-nix": "treefmt-nix"
      },
      "locked": {
        "lastModified": 1767882842,
        "narHash": "sha256-Wo1jRV29yb3NwWf1hG80rmhrTC5x3F+bvj5u/fvxMW4=",
        "owner": "numtide",
        "repo": "nix-ai-tools",
        "rev": "1e0eaa265ba27a04f89b3265583bdf7da54a3972",
        "type": "github"
      },
      "original": {
        "owner": "numtide",
        "repo": "nix-ai-tools",
        "type": "github"
      }
    },
    "nix-homebrew": {
      "inputs": {
        "brew-src": "brew-src"
      },
      "locked": {
        "lastModified": 1764473698,
        "narHash": "sha256-C91gPgv6udN5WuIZWNehp8qdLqlrzX6iF/YyboOj6XI=",
        "owner": "zhaofengli",
        "repo": "nix-homebrew",
        "rev": "6a8ab60bfd66154feeaa1021fc3b32684814a62a",
        "type": "github"
      },
      "original": {
        "owner": "zhaofengli",
        "repo": "nix-homebrew",
        "type": "github"
      }
    },
    "nix-index-database": {
      "inputs": {
        "nixpkgs": [
          "nixpkgs"
        ]
      },
      "locked": {
        "lastModified": 1765267181,
        "narHash": "sha256-d3NBA9zEtBu2JFMnTBqWj7Tmi7R5OikoU2ycrdhQEws=",
        "owner": "nix-community",
        "repo": "nix-index-database",
        "rev": "82befcf7dc77c909b0f2a09f5da910ec95c5b78f",
        "type": "github"
      },
      "original": {
        "owner": "nix-community",
        "repo": "nix-index-database",
        "type": "github"
      }
    },
    "nixos-hardware": {
      "locked": {
        "lastModified": 1767185284,
        "narHash": "sha256-ljDBUDpD1Cg5n3mJI81Hz5qeZAwCGxon4kQW3Ho3+6Q=",
        "owner": "NixOS",
        "repo": "nixos-hardware",
        "rev": "40b1a28dce561bea34858287fbb23052c3ee63fe",
        "type": "github"
      },
      "original": {
        "owner": "NixOS",
        "repo": "nixos-hardware",
        "type": "github"
      }
    },
    "nixpkgs": {
      "locked": {
        "lastModified": 1767364772,
        "narHash": "sha256-fFUnEYMla8b7UKjijLnMe+oVFOz6HjijGGNS1l7dYaQ=",
        "owner": "NixOS",
        "repo": "nixpkgs",
        "rev": "16c7794d0a28b5a37904d55bcca36003b9109aaa",
        "type": "github"
      },
      "original": {
        "owner": "NixOS",
        "ref": "nixpkgs-unstable",
        "repo": "nixpkgs",
        "type": "github"
      }
    },
    "nixpkgs-stable": {
      "locked": {
        "lastModified": 1767480499,
        "narHash": "sha256-8IQQUorUGiSmFaPnLSo2+T+rjHtiNWc+OAzeHck7N48=",
        "owner": "nixos",
        "repo": "nixpkgs",
        "rev": "30a3c519afcf3f99e2c6df3b359aec5692054d92",
        "type": "github"
      },
      "original": {
        "owner": "nixos",
        "ref": "nixos-25.11",
        "repo": "nixpkgs",
        "type": "github"
      }
    },
    "nixpkgs-stable-darwin": {
      "locked": {
        "lastModified": 1767480499,
        "narHash": "sha256-8IQQUorUGiSmFaPnLSo2+T+rjHtiNWc+OAzeHck7N48=",
        "owner": "nixos",
        "repo": "nixpkgs",
        "rev": "30a3c519afcf3f99e2c6df3b359aec5692054d92",
        "type": "github"
      },
      "original": {
        "owner": "nixos",
        "ref": "nixpkgs-25.11-darwin",
        "repo": "nixpkgs",
        "type": "github"
      }
    },
    "nixpkgs_2": {
      "locked": {
        "lastModified": 1767767207,
        "narHash": "sha256-Mj3d3PfwltLmukFal5i3fFt27L6NiKXdBezC1EBuZs4=",
        "owner": "NixOS",
        "repo": "nixpkgs",
        "rev": "5912c1772a44e31bf1c63c0390b90501e5026886",
        "type": "github"
      },
      "original": {
        "owner": "NixOS",
        "ref": "nixos-unstable",
        "repo": "nixpkgs",
        "type": "github"
      }
    },
    "nixpkgs_3": {
      "locked": {
        "lastModified": 1765750102,
        "narHash": "sha256-0VK0PKOmryh4V2aBakcTpgshQZ7qRsRRwDm7Eqhs1ZI=",
        "owner": "NixOS",
        "repo": "nixpkgs",
        "rev": "8e8751ad07080fe4d5737a0430cd5c1d3ba5c005",
        "type": "github"
      },
      "original": {
        "owner": "NixOS",
        "ref": "nixpkgs-25.11-darwin",
        "repo": "nixpkgs",
        "type": "github"
      }
    },
    "nixpkgs_4": {
      "locked": {
        "lastModified": 1744536153,
        "narHash": "sha256-awS2zRgF4uTwrOKwwiJcByDzDOdo3Q1rPZbiHQg/N38=",
        "owner": "NixOS",
        "repo": "nixpkgs",
        "rev": "18dd725c29603f582cf1900e0d25f9f1063dbf11",
        "type": "github"
      },
      "original": {
        "owner": "NixOS",
        "ref": "nixpkgs-unstable",
        "repo": "nixpkgs",
        "type": "github"
      }
    },
    "nixpkgs_5": {
      "locked": {
        "lastModified": 1767364772,
        "narHash": "sha256-fFUnEYMla8b7UKjijLnMe+oVFOz6HjijGGNS1l7dYaQ=",
        "owner": "nixos",
        "repo": "nixpkgs",
        "rev": "16c7794d0a28b5a37904d55bcca36003b9109aaa",
        "type": "github"
      },
      "original": {
        "owner": "nixos",
        "ref": "nixpkgs-unstable",
        "repo": "nixpkgs",
        "type": "github"
      }
    },
    "nixpkgs_6": {
      "locked": {
        "lastModified": 1744536153,
        "narHash": "sha256-awS2zRgF4uTwrOKwwiJcByDzDOdo3Q1rPZbiHQg/N38=",
        "owner": "NixOS",
        "repo": "nixpkgs",
        "rev": "18dd725c29603f582cf1900e0d25f9f1063dbf11",
        "type": "github"
      },
      "original": {
        "owner": "NixOS",
        "ref": "nixpkgs-unstable",
        "repo": "nixpkgs",
        "type": "github"
      }
    },
    "nixpkgs_7": {
      "locked": {
        "lastModified": 1767364772,
        "narHash": "sha256-fFUnEYMla8b7UKjijLnMe+oVFOz6HjijGGNS1l7dYaQ=",
        "owner": "nixos",
        "repo": "nixpkgs",
        "rev": "16c7794d0a28b5a37904d55bcca36003b9109aaa",
        "type": "github"
      },
      "original": {
        "owner": "nixos",
        "ref": "nixpkgs-unstable",
        "repo": "nixpkgs",
        "type": "github"
      }
    },
    "nixpkgs_8": {
      "locked": {
        "lastModified": 1744536153,
        "narHash": "sha256-awS2zRgF4uTwrOKwwiJcByDzDOdo3Q1rPZbiHQg/N38=",
        "owner": "NixOS",
        "repo": "nixpkgs",
        "rev": "18dd725c29603f582cf1900e0d25f9f1063dbf11",
        "type": "github"
      },
      "original": {
        "owner": "NixOS",
        "ref": "nixpkgs-unstable",
        "repo": "nixpkgs",
        "type": "github"
      }
    },
    "nur": {
      "inputs": {
        "flake-parts": [
          "flake-parts"
        ],
        "nixpkgs": [
          "nixpkgs"
        ]
      },
      "locked": {
        "lastModified": 1767674482,
        "narHash": "sha256-jPUq1ZtzG6f6S8VM9skrt4SRV/B2REdwSkvm1U9P7Fo=",
        "owner": "nix-community",
        "repo": "NUR",
        "rev": "a91a499ea9c6fcbfd24c23dbffecf9df37d46579",
        "type": "github"
      },
      "original": {
        "owner": "nix-community",
        "repo": "NUR",
        "type": "github"
      }
    },
    "nvim-treesitter-textobjects": {
      "flake": false,
      "locked": {
        "lastModified": 1767434017,
        "narHash": "sha256-5VeIAW09my+4fqXbzVG7RnLXrjpXAk/g2vd7RbhNws8=",
        "owner": "nvim-treesitter",
        "repo": "nvim-treesitter-textobjects",
        "rev": "28a3494c075ef0f353314f627546537e43c09592",
        "type": "github"
      },
      "original": {
        "owner": "nvim-treesitter",
        "ref": "main",
        "repo": "nvim-treesitter-textobjects",
        "type": "github"
      }
    },
    "paiTemplate": {
      "inputs": {
        "fabric": [
          "iris",
          "fabric"
        ],
        "flake-parts": [
          "iris",
          "flake-parts"
        ],
        "nix-ai-tools": [
          "iris",
          "nix-ai-tools"
        ],
        "nixpkgs": [
          "iris",
          "nixpkgs"
        ]
      },
      "locked": {
        "lastModified": 1767899940,
        "narHash": "sha256-WCOCCZpWSY5UGQvtiGK9FBHC4Rd25BiG740ruRpztFY=",
        "owner": "zmre",
        "repo": "nix-pai",
        "rev": "0889b025452b488b0402eada1ee62d82e6153804",
        "type": "github"
      },
      "original": {
        "owner": "zmre",
        "repo": "nix-pai",
        "type": "github"
      }
    },
    "promise-lua": {
      "flake": false,
      "locked": {
        "lastModified": 1603853302,
        "narHash": "sha256-LNNLTAAEPIalRSjC6z8QTkhnmwpFAHSlwxuFxb9r2OE=",
        "owner": "pyericz",
        "repo": "promise-lua",
        "rev": "20d2ab1bb6aa398fe06ba597c943077a72c22451",
        "type": "github"
      },
      "original": {
        "owner": "pyericz",
        "repo": "promise-lua",
        "type": "github"
      }
    },
    "pwaerospace": {
      "inputs": {
        "flake-utils": [
          "flake-utils"
        ],
        "nixpkgs": [
          "nixpkgs"
        ],
        "promise-lua": "promise-lua",
        "sbarlua": "sbarlua",
        "sketchybar": "sketchybar"
      },
      "locked": {
        "lastModified": 1767386795,
        "narHash": "sha256-XYo2yV+wmysrcOr/tvjmhaY8uQSzONpLWjhoAq14WCQ=",
        "owner": "zmre",
        "repo": "aerospace-sketchybar-nix-lua-config",
        "rev": "8d9643600404e2818a65ea8b5ce27e872c918472",
        "type": "github"
      },
      "original": {
        "owner": "zmre",
        "repo": "aerospace-sketchybar-nix-lua-config",
        "type": "github"
      }
    },
    "pwneovide": {
      "inputs": {
        "flake-compat": [
          "flake-compat"
        ],
        "flake-utils": [
          "flake-utils"
        ],
        "nixpkgs": [
          "nixpkgs"
        ],
        "pwnvim": [
          "pwnvim"
        ],
        "rust-overlay": "rust-overlay_2"
      },
      "locked": {
        "lastModified": 1767244231,
        "narHash": "sha256-WKMQS6NG9NRiJ8aB2MUcm5rch1D3Q9A+RUgd8eCafZI=",
        "owner": "zmre",
        "repo": "pwneovide",
        "rev": "6809fad978db32a0a2614eff48169218dc30ca9e",
        "type": "github"
      },
      "original": {
        "owner": "zmre",
        "repo": "pwneovide",
        "type": "github"
      }
    },
    "pwnvim": {
      "inputs": {
        "clipboard-image": "clipboard-image",
        "fenix": "fenix",
        "flake-compat": [
          "flake-compat"
        ],
        "flake-utils": [
          "flake-utils"
        ],
        "mbr": "mbr",
        "nixpkgs": "nixpkgs_7",
        "nvim-treesitter-textobjects": "nvim-treesitter-textobjects",
        "todo-comments-nvim": "todo-comments-nvim"
      },
      "locked": {
        "lastModified": 1767759877,
        "narHash": "sha256-7927CSdWMBNsCbue79gcnT8JFEf4OaJsZlfgWnGpsK4=",
        "owner": "zmre",
        "repo": "pwnvim",
        "rev": "31740438cfde7a3a83091bff41a30b04ece534ee",
        "type": "github"
      },
      "original": {
        "owner": "zmre",
        "repo": "pwnvim",
        "type": "github"
      }
    },
    "root": {
      "inputs": {
        "darwin": "darwin",
        "disko": "disko",
        "flake-compat": "flake-compat",
        "flake-file": "flake-file",
        "flake-parts": "flake-parts",
        "flake-utils": "flake-utils",
        "gh-feed": "gh-feed",
        "gh-worktree": "gh-worktree",
        "hackernews-tui": "hackernews-tui",
        "home-manager": "home-manager",
        "homebrew-cask": "homebrew-cask",
        "homebrew-core": "homebrew-core",
        "homebrew-freetube": "homebrew-freetube",
        "import-tree": "import-tree",
        "iris": "iris",
        "ironhide": "ironhide",
        "ironoxide": "ironoxide",
        "mbr-markdown-browser": "mbr-markdown-browser",
        "nix-homebrew": "nix-homebrew",
        "nix-index-database": "nix-index-database",
        "nixos-hardware": "nixos-hardware",
        "nixpkgs": "nixpkgs_5",
        "nixpkgs-lib": [
          "nixpkgs"
        ],
        "nixpkgs-stable": "nixpkgs-stable",
        "nixpkgs-stable-darwin": "nixpkgs-stable-darwin",
        "nur": "nur",
        "pwaerospace": "pwaerospace",
        "pwneovide": "pwneovide",
        "pwnvim": "pwnvim",
        "rust-overlay": "rust-overlay_4",
        "sbhosts": "sbhosts",
        "systems": "systems_6",
        "yazi-flavors": "yazi-flavors",
        "yazi-quicklook": "yazi-quicklook"
      }
    },
    "rust-analyzer-src": {
      "flake": false,
      "locked": {
        "lastModified": 1767551763,
        "narHash": "sha256-lcA/e3++3aZQSj6xCsBi2VpYyC3Q+oO/oukgfHiL+Ts=",
        "owner": "rust-lang",
        "repo": "rust-analyzer",
        "rev": "6a1246b69ca761480b9278df019f717b549cface",
        "type": "github"
      },
      "original": {
        "owner": "rust-lang",
        "ref": "nightly",
        "repo": "rust-analyzer",
        "type": "github"
      }
    },
    "rust-overlay": {
      "inputs": {
        "nixpkgs": "nixpkgs_4"
      },
      "locked": {
        "lastModified": 1765852971,
        "narHash": "sha256-rQdOMqfQNhcfqvh1dFIVWh09mrIWwerUJqqBdhIsf8g=",
        "owner": "oxalica",
        "repo": "rust-overlay",
        "rev": "5f98ccecc9f1bc1c19c0a350a659af1a04b3b319",
        "type": "github"
      },
      "original": {
        "owner": "oxalica",
        "repo": "rust-overlay",
        "type": "github"
      }
    },
    "rust-overlay_2": {
      "inputs": {
        "nixpkgs": [
          "pwneovide",
          "nixpkgs"
        ]
      },
      "locked": {
        "lastModified": 1766198367,
        "narHash": "sha256-f1L1rCEu2Zew6zdiZ38jJDZd65ktE7UN+Gqn2LHPiFI=",
        "owner": "oxalica",
        "repo": "rust-overlay",
        "rev": "66bb33fdfb50b1ee724381c3f5d6012dac6c89b3",
        "type": "github"
      },
      "original": {
        "owner": "oxalica",
        "repo": "rust-overlay",
        "type": "github"
      }
    },
    "rust-overlay_3": {
      "inputs": {
        "nixpkgs": "nixpkgs_6"
      },
      "locked": {
        "lastModified": 1765852971,
        "narHash": "sha256-rQdOMqfQNhcfqvh1dFIVWh09mrIWwerUJqqBdhIsf8g=",
        "owner": "oxalica",
        "repo": "rust-overlay",
        "rev": "5f98ccecc9f1bc1c19c0a350a659af1a04b3b319",
        "type": "github"
      },
      "original": {
        "owner": "oxalica",
        "repo": "rust-overlay",
        "type": "github"
      }
    },
    "rust-overlay_4": {
      "inputs": {
        "nixpkgs": "nixpkgs_8"
      },
      "locked": {
        "lastModified": 1767667566,
        "narHash": "sha256-COy+yxZGuhQRVD1r4bWVgeFt1GB+IB1k5WRpDKbLfI8=",
        "owner": "oxalica",
        "repo": "rust-overlay",
        "rev": "056ce5b125ab32ffe78c7d3e394d9da44733c95e",
        "type": "github"
      },
      "original": {
        "owner": "oxalica",
        "repo": "rust-overlay",
        "type": "github"
      }
    },
    "sbarlua": {
      "flake": false,
      "locked": {
        "lastModified": 1723484726,
        "narHash": "sha256-F0UfNxHM389GhiPQ6/GFbeKQq5EvpiqQdvyf7ygzkPg=",
        "owner": "FelixKratz",
        "repo": "SbarLua",
        "rev": "437bd2031da38ccda75827cb7548e7baa4aa9978",
        "type": "github"
      },
      "original": {
        "owner": "FelixKratz",
        "repo": "SbarLua",
        "type": "github"
      }
    },
    "sbhosts": {
      "flake": false,
      "locked": {
        "lastModified": 1767495812,
        "narHash": "sha256-wmXPgDazzB7WtbbxuEe7liYTmzBtV6Q4DKcsk90ona4=",
        "owner": "StevenBlack",
        "repo": "hosts",
        "rev": "5897a2df1c085f2b531ed84324613765cb114264",
        "type": "github"
      },
      "original": {
        "owner": "StevenBlack",
        "repo": "hosts",
        "type": "github"
      }
    },
    "sketchybar": {
      "flake": false,
      "locked": {
        "lastModified": 1762104086,
        "narHash": "sha256-PvKvevsSyRb6OfPWc2+1Bcfj2ngmgeP1URBoBiVeEdk=",
        "owner": "FelixKratz",
        "repo": "SketchyBar",
        "rev": "031cdff653ff80b7d253e1de659088de827d68d1",
        "type": "github"
      },
      "original": {
        "owner": "FelixKratz",
        "repo": "SketchyBar",
        "type": "github"
      }
    },
    "systems": {
      "locked": {
        "lastModified": 1681028828,
        "narHash": "sha256-Vy1rq5AaRuLzOxct8nz4T6wlgyUR7zLU309k9mBC768=",
        "owner": "nix-systems",
        "repo": "default",
        "rev": "da67096a3b9bf56a91d16901293e51ba5b49a27e",
        "type": "github"
      },
      "original": {
        "owner": "nix-systems",
        "repo": "default",
        "type": "github"
      }
    },
    "systems_2": {
      "locked": {
        "lastModified": 1681028828,
        "narHash": "sha256-Vy1rq5AaRuLzOxct8nz4T6wlgyUR7zLU309k9mBC768=",
        "owner": "nix-systems",
        "repo": "default",
        "rev": "da67096a3b9bf56a91d16901293e51ba5b49a27e",
        "type": "github"
      },
      "original": {
        "owner": "nix-systems",
        "repo": "default",
        "type": "github"
      }
    },
    "systems_3": {
      "locked": {
        "lastModified": 1681028828,
        "narHash": "sha256-Vy1rq5AaRuLzOxct8nz4T6wlgyUR7zLU309k9mBC768=",
        "owner": "nix-systems",
        "repo": "default",
        "rev": "da67096a3b9bf56a91d16901293e51ba5b49a27e",
        "type": "github"
      },
      "original": {
        "owner": "nix-systems",
        "repo": "default",
        "type": "github"
      }
    },
    "systems_4": {
      "locked": {
        "lastModified": 1681028828,
        "narHash": "sha256-Vy1rq5AaRuLzOxct8nz4T6wlgyUR7zLU309k9mBC768=",
        "owner": "nix-systems",
        "repo": "default",
        "rev": "da67096a3b9bf56a91d16901293e51ba5b49a27e",
        "type": "github"
      },
      "original": {
        "owner": "nix-systems",
        "repo": "default",
        "type": "github"
      }
    },
    "systems_5": {
      "locked": {
        "lastModified": 1681028828,
        "narHash": "sha256-Vy1rq5AaRuLzOxct8nz4T6wlgyUR7zLU309k9mBC768=",
        "owner": "nix-systems",
        "repo": "default",
        "rev": "da67096a3b9bf56a91d16901293e51ba5b49a27e",
        "type": "github"
      },
      "original": {
        "owner": "nix-systems",
        "repo": "default",
        "type": "github"
      }
    },
    "systems_6": {
      "locked": {
        "lastModified": 1681028828,
        "narHash": "sha256-Vy1rq5AaRuLzOxct8nz4T6wlgyUR7zLU309k9mBC768=",
        "owner": "nix-systems",
        "repo": "default",
        "rev": "da67096a3b9bf56a91d16901293e51ba5b49a27e",
        "type": "github"
      },
      "original": {
        "owner": "nix-systems",
        "repo": "default",
        "type": "github"
      }
    },
    "todo-comments-nvim": {
      "flake": false,
      "locked": {
        "lastModified": 1764472331,
        "narHash": "sha256-FRB0KcLCtlycH1YS6ko+CsHqO7bHhkzu/XvThU6GD68=",
        "owner": "belltoy",
        "repo": "todo-comments.nvim",
        "rev": "dbe224bc0bd4378425cbd65602386f5846bd7354",
        "type": "github"
      },
      "original": {
        "owner": "belltoy",
        "ref": "main",
        "repo": "todo-comments.nvim",
        "type": "github"
      }
    },
    "treefmt-nix": {
      "inputs": {
        "nixpkgs": [
          "iris",
          "nix-ai-tools",
          "nixpkgs"
        ]
      },
      "locked": {
        "lastModified": 1767801790,
        "narHash": "sha256-QfX6g3Wj2vQe7oBJEbTf0npvC6sJoDbF9hb2+gM5tf8=",
        "owner": "numtide",
        "repo": "treefmt-nix",
        "rev": "778a1d691f1ef45dd68c661715c5bf8cbf131c80",
        "type": "github"
      },
      "original": {
        "owner": "numtide",
        "repo": "treefmt-nix",
        "type": "github"
      }
    },
    "utils": {
      "inputs": {
        "systems": "systems_2"
      },
      "locked": {
        "lastModified": 1710146030,
        "narHash": "sha256-SZ5L6eA7HJ/nmkzGG7/ISclqe6oZdOZTNoesiInkXPQ=",
        "owner": "numtide",
        "repo": "flake-utils",
        "rev": "b1d9ab70662946ef0850d488da1c9019f3a9752a",
        "type": "github"
      },
      "original": {
        "owner": "numtide",
        "repo": "flake-utils",
        "type": "github"
      }
    },
    "yazi-flavors": {
      "flake": false,
      "locked": {
        "lastModified": 1767573407,
        "narHash": "sha256-RrF97Lg9v0LV+XseJw4RrdbXlv+LJzfooOgqHD+LGcw=",
        "owner": "yazi-rs",
        "repo": "flavors",
        "rev": "4a1802a5add0f867b08d5890780c10dd1f051c36",
        "type": "github"
      },
      "original": {
        "owner": "yazi-rs",
        "repo": "flavors",
        "type": "github"
      }
    },
    "yazi-quicklook": {
      "flake": false,
      "locked": {
        "lastModified": 1752668046,
        "narHash": "sha256-ZriFdKcieOzr1W5cB0CSn3etHWR82XbbGTKIFsHi/rE=",
        "owner": "vvatikiotis",
        "repo": "quicklook.yazi",
        "rev": "4b087e1b54d77d479ba63d4a6431e6b79e8fd6f5",
        "type": "github"
      },
      "original": {
        "owner": "vvatikiotis",
        "repo": "quicklook.yazi",
        "type": "github"
      }
    }
  },
  "root": "root",
  "version": 7
}
