{
  "nodes": {
    "alita": {
      "inputs": {
        "fabric": [
          "iris",
          "fabric"
        ],
        "flake-parts": [
          "iris",
          "flake-parts"
        ],
        "nix-ai-tools": [
          "iris",
          "nix-ai-tools"
        ],
        "nixpkgs": [
          "iris",
          "nixpkgs"
        ],
        "paiTemplate": [
          "iris",
          "paiTemplate"
        ]
      },
      "locked": {
        "lastModified": 1769273833,
        "narHash": "sha256-LNSy5VZm02YViPnE+dIwehOyoqmyLn2TgOGC7dKJlxc=",
        "ref": "refs/heads/main",
        "rev": "2d7420807ce5a35198e429f33f7456a968be306f",
        "revCount": 26,
        "type": "git",
        "url": "ssh://git@github.com/ironcorelabs/alita"
      },
      "original": {
        "type": "git",
        "url": "ssh://git@github.com/ironcorelabs/alita"
      }
    },
    "blueprint": {
      "inputs": {
        "nixpkgs": [
          "iris",
          "nix-ai-tools",
          "nixpkgs"
        ],
        "systems": "systems_4"
      },
      "locked": {
        "lastModified": 1769353768,
        "narHash": "sha256-zI+7cbMI4wMIR57jMjDSEsVb3grapTnURDxxJPYFIW0=",
        "owner": "numtide",
        "repo": "blueprint",
        "rev": "c7da5c70ad1c9b60b6f5d4f674fbe205d48d8f6c",
        "type": "github"
      },
      "original": {
        "owner": "numtide",
        "repo": "blueprint",
        "type": "github"
      }
    },
    "brew-src": {
      "flake": false,
      "locked": {
        "lastModified": 1769363988,
        "narHash": "sha256-BiGPeulrDVetXP+tjxhMcGLUROZAtZIhU5m4MqawCfM=",
        "owner": "Homebrew",
        "repo": "brew",
        "rev": "d01011cac6d72032c75fd2cd9489909e95d9faf2",
        "type": "github"
      },
      "original": {
        "owner": "Homebrew",
        "ref": "5.0.12",
        "repo": "brew",
        "type": "github"
      }
    },
    "city-explorer": {
      "inputs": {
        "flake-utils": [
          "flake-utils"
        ],
        "nixpkgs": [
          "nixpkgs"
        ]
      },
      "locked": {
        "lastModified": 1768625275,
        "narHash": "sha256-rLhXZLdHzts9J269K2YDzO351tk2Tfg3bd4hysW3asU=",
        "owner": "zmre",
        "repo": "city-explorer",
        "rev": "a622e04c6f30247d17098a548e03a3f8b99fd6fd",
        "type": "github"
      },
      "original": {
        "owner": "zmre",
        "repo": "city-explorer",
        "type": "github"
      }
    },
    "clipboard-image": {
      "flake": false,
      "locked": {
        "lastModified": 1754286081,
        "narHash": "sha256-4grne/LEBHoJNHtM3xb+mtu5Abr6Lj1nft0ccowZASU=",
        "owner": "postfen",
        "repo": "clipboard-image.nvim",
        "rev": "5ccecdf27a02b1bf0a2602cf143bcf69f1ca4465",
        "type": "github"
      },
      "original": {
        "owner": "postfen",
        "repo": "clipboard-image.nvim",
        "type": "github"
      }
    },
    "crane": {
      "locked": {
        "lastModified": 1767319442,
        "narHash": "sha256-TXsJUc+nZflFGWLopUxHwdlxYY+ucxbF5IAPLEX5tc4=",
        "owner": "ipetkov",
        "repo": "crane",
        "rev": "607c91ce75d63ea52731933c5396649b9d08284c",
        "type": "github"
      },
      "original": {
        "owner": "ipetkov",
        "repo": "crane",
        "type": "github"
      }
    },
    "crane_2": {
      "locked": {
        "lastModified": 1770419512,
        "narHash": "sha256-o8Vcdz6B6bkiGUYkZqFwH3Pv1JwZyXht3dMtS7RchIo=",
        "owner": "ipetkov",
        "repo": "crane",
        "rev": "2510f2cbc3ccd237f700bb213756a8f35c32d8d7",
        "type": "github"
      },
      "original": {
        "owner": "ipetkov",
        "repo": "crane",
        "type": "github"
      }
    },
    "darwin": {
      "inputs": {
        "nixpkgs": [
          "nixpkgs"
        ]
      },
      "locked": {
        "lastModified": 1770184146,
        "narHash": "sha256-DsqnN6LvXmohTRaal7tVZO/AKBuZ02kPBiZKSU4qa/k=",
        "owner": "nix-darwin",
        "repo": "nix-darwin",
        "rev": "0d7874ef7e3ba02d58bebb871e6e29da36fa1b37",
        "type": "github"
      },
      "original": {
        "owner": "nix-darwin",
        "repo": "nix-darwin",
        "type": "github"
      }
    },
    "disko": {
      "inputs": {
        "nixpkgs": [
          "nixpkgs"
        ]
      },
      "locked": {
        "lastModified": 1769524058,
        "narHash": "sha256-zygdD6X1PcVNR2PsyK4ptzrVEiAdbMqLos7utrMDEWE=",
        "owner": "nix-community",
        "repo": "disko",
        "rev": "71a3fc97d80881e91710fe721f1158d3b96ae14d",
        "type": "github"
      },
      "original": {
        "owner": "nix-community",
        "repo": "disko",
        "type": "github"
      }
    },
    "fabric": {
      "flake": false,
      "locked": {
        "lastModified": 1770318494,
        "narHash": "sha256-pkB11lNOxpu9n5keG4m+veyiH+CCq4Myc3IqnA9MZg8=",
        "owner": "danielmiessler",
        "repo": "fabric",
        "rev": "4aaba1cd2ac3ee74842071a0cb6768ed66f073af",
        "type": "github"
      },
      "original": {
        "owner": "danielmiessler",
        "repo": "fabric",
        "type": "github"
      }
    },
    "fenix": {
      "inputs": {
        "nixpkgs": [
          "pwnvim",
          "nixpkgs"
        ],
        "rust-analyzer-src": "rust-analyzer-src"
      },
      "locked": {
        "lastModified": 1770188896,
        "narHash": "sha256-ZBpEh6aTvdoZvIM8sojnr43FPyegq/sjUkNWtF4kDO8=",
        "owner": "nix-community",
        "repo": "fenix",
        "rev": "6dbe5750c68a55e7cb3f8b62883c4dbfeecf14d5",
        "type": "github"
      },
      "original": {
        "owner": "nix-community",
        "repo": "fenix",
        "type": "github"
      }
    },
    "flake-compat": {
      "locked": {
        "lastModified": 1767039857,
        "narHash": "sha256-vNpUSpF5Nuw8xvDLj2KCwwksIbjua2LZCqhV1LNRDns=",
        "owner": "NixOS",
        "repo": "flake-compat",
        "rev": "5edf11c44bc78a0d334f6334cdaf7d60d732daab",
        "type": "github"
      },
      "original": {
        "owner": "NixOS",
        "repo": "flake-compat",
        "type": "github"
      }
    },
    "flake-file": {
      "locked": {
        "lastModified": 1770413673,
        "narHash": "sha256-JYX/J8vyb8GGV3HSl5AkDpct5eUGkDKP0HWjONYcZ+U=",
        "owner": "vic",
        "repo": "flake-file",
        "rev": "3911266a6536c155864c8e4d26588170ac33f468",
        "type": "github"
      },
      "original": {
        "owner": "vic",
        "repo": "flake-file",
        "type": "github"
      }
    },
    "flake-parts": {
      "inputs": {
        "nixpkgs-lib": [
          "nixpkgs-lib"
        ]
      },
      "locked": {
        "lastModified": 1769996383,
        "narHash": "sha256-AnYjnFWgS49RlqX7LrC4uA+sCCDBj0Ry/WOJ5XWAsa0=",
        "owner": "hercules-ci",
        "repo": "flake-parts",
        "rev": "57928607ea566b5db3ad13af0e57e921e6b12381",
        "type": "github"
      },
      "original": {
        "owner": "hercules-ci",
        "repo": "flake-parts",
        "type": "github"
      }
    },
    "flake-utils": {
      "inputs": {
        "systems": "systems"
      },
      "locked": {
        "lastModified": 1731533236,
        "narHash": "sha256-l0KFg5HjrsfsO/JpG+r7fRrqm12kzFHyUHqHCVpMMbI=",
        "owner": "numtide",
        "repo": "flake-utils",
        "rev": "11707dc2f618dd54ca8739b309ec4fc024de578b",
        "type": "github"
      },
      "original": {
        "owner": "numtide",
        "repo": "flake-utils",
        "type": "github"
      }
    },
    "flake-utils_2": {
      "inputs": {
        "systems": "systems_3"
      },
      "locked": {
        "lastModified": 1731533236,
        "narHash": "sha256-l0KFg5HjrsfsO/JpG+r7fRrqm12kzFHyUHqHCVpMMbI=",
        "owner": "numtide",
        "repo": "flake-utils",
        "rev": "11707dc2f618dd54ca8739b309ec4fc024de578b",
        "type": "github"
      },
      "original": {
        "owner": "numtide",
        "repo": "flake-utils",
        "type": "github"
      }
    },
    "flake-utils_3": {
      "inputs": {
        "systems": "systems_5"
      },
      "locked": {
        "lastModified": 1731533236,
        "narHash": "sha256-l0KFg5HjrsfsO/JpG+r7fRrqm12kzFHyUHqHCVpMMbI=",
        "owner": "numtide",
        "repo": "flake-utils",
        "rev": "11707dc2f618dd54ca8739b309ec4fc024de578b",
        "type": "github"
      },
      "original": {
        "owner": "numtide",
        "repo": "flake-utils",
        "type": "github"
      }
    },
    "gh-feed": {
      "flake": false,
      "locked": {
        "lastModified": 1730455616,
        "narHash": "sha256-J43Vd3yuq7Qzk0178ek2S3KE6+87jalKUx1DEsHpl2k=",
        "owner": "rsteube",
        "repo": "gh-feed",
        "rev": "f26cc06361c4c586ca4a7c2cd3ec2b37587248e8",
        "type": "github"
      },
      "original": {
        "owner": "rsteube",
        "repo": "gh-feed",
        "type": "github"
      }
    },
    "gh-worktree": {
      "inputs": {
        "nixpkgs": [
          "nixpkgs"
        ],
        "utils": "utils"
      },
      "locked": {
        "lastModified": 1722488754,
        "narHash": "sha256-L08nKlvOJHXsO1b1XLlYFydJMLgotouvb0h6Ocw/EM4=",
        "owner": "zmre",
        "repo": "gh-worktree",
        "rev": "20f8cbe9e0a2abba22db8fd0a70555ff05a82384",
        "type": "github"
      },
      "original": {
        "owner": "zmre",
        "repo": "gh-worktree",
        "type": "github"
      }
    },
    "hackernews-tui": {
      "flake": false,
      "locked": {
        "lastModified": 1729555763,
        "narHash": "sha256-p2MhVM+dbNiWlhvlSKdwXE37dKEaE2JCmT1Ari3b0WI=",
        "owner": "aome510",
        "repo": "hackernews-TUI",
        "rev": "2da6a91a30aacbfa09ac40692712986034facf68",
        "type": "github"
      },
      "original": {
        "owner": "aome510",
        "repo": "hackernews-TUI",
        "type": "github"
      }
    },
    "home-manager": {
      "inputs": {
        "nixpkgs": [
          "nixpkgs"
        ]
      },
      "locked": {
        "lastModified": 1770491427,
        "narHash": "sha256-8b+0vixdqGnIIcgsPhjdX7EGPdzcVQqYxF+ujjex654=",
        "owner": "nix-community",
        "repo": "home-manager",
        "rev": "cbd8a72e5fe6af19d40e2741dc440d9227836860",
        "type": "github"
      },
      "original": {
        "owner": "nix-community",
        "repo": "home-manager",
        "type": "github"
      }
    },
    "homebrew-cask": {
      "flake": false,
      "locked": {
        "lastModified": 1770568800,
        "narHash": "sha256-Y0pztyPec35mqZeIvR/lGwjMeQYYmJt2iiAOceZM6ks=",
        "owner": "homebrew",
        "repo": "homebrew-cask",
        "rev": "b9bf9add2b33f31c26853ee3bd56dabd4068daf2",
        "type": "github"
      },
      "original": {
        "owner": "homebrew",
        "repo": "homebrew-cask",
        "type": "github"
      }
    },
    "homebrew-core": {
      "flake": false,
      "locked": {
        "lastModified": 1770575850,
        "narHash": "sha256-ixrw6qhTuLYWCaTjP27jwvt4wwZcpgRfBhDGEhemvAM=",
        "owner": "homebrew",
        "repo": "homebrew-core",
        "rev": "535a8c7e76fd5645d401896dd76dde604eb23570",
        "type": "github"
      },
      "original": {
        "owner": "homebrew",
        "repo": "homebrew-core",
        "type": "github"
      }
    },
    "homebrew-freetube": {
      "flake": false,
      "locked": {
        "lastModified": 1769986793,
        "narHash": "sha256-9eMZoAkw2UG1coOGWE1EbuHxvkHUBEjwkVfBguNabFE=",
        "owner": "pikachuexe",
        "repo": "homebrew-freetube",
        "rev": "2fa3aa3e37f1dbdd38fc01f1a193b10def8e5834",
        "type": "github"
      },
      "original": {
        "owner": "pikachuexe",
        "repo": "homebrew-freetube",
        "type": "github"
      }
    },
    "import-tree": {
      "locked": {
        "lastModified": 1763762820,
        "narHash": "sha256-ZvYKbFib3AEwiNMLsejb/CWs/OL/srFQ8AogkebEPF0=",
        "owner": "vic",
        "repo": "import-tree",
        "rev": "3c23749d8013ec6daa1d7255057590e9ca726646",
        "type": "github"
      },
      "original": {
        "owner": "vic",
        "repo": "import-tree",
        "type": "github"
      }
    },
    "iris": {
      "inputs": {
        "alita": "alita",
        "fabric": "fabric",
        "flake-parts": [
          "flake-parts"
        ],
        "mbr": "mbr",
        "nix-ai-tools": "nix-ai-tools",
        "nixpkgs": "nixpkgs_4",
        "paiTemplate": "paiTemplate"
      },
      "locked": {
        "lastModified": 1770511120,
        "narHash": "sha256-JgBFhCCOGA9EpSJcqSpY95BERbJ0zYNXmw7AtUQOqcI=",
        "ref": "refs/heads/main",
        "rev": "209ca9380b01226d4d473fd25f3a0f9f81f123e1",
        "revCount": 75,
        "type": "git",
        "url": "ssh://git@github.com/zmre/iris.git"
      },
      "original": {
        "type": "git",
        "url": "ssh://git@github.com/zmre/iris.git"
      }
    },
    "ironhide": {
      "inputs": {
        "flake-utils": [
          "flake-utils"
        ],
        "nixpkgs": [
          "nixpkgs"
        ],
        "rust-overlay": [
          "rust-overlay"
        ]
      },
      "locked": {
        "lastModified": 1770326917,
        "narHash": "sha256-/GqpXszOKqzc725Y6Ljm/u+3ALPa1ndYhtbZNqRc9Pw=",
        "owner": "IronCoreLabs",
        "repo": "ironhide",
        "rev": "f7e526d5e1f6bc0b7a218e7c48a23e2b3e3653d6",
        "type": "github"
      },
      "original": {
        "owner": "IronCoreLabs",
        "repo": "ironhide",
        "type": "github"
      }
    },
    "ironoxide": {
      "inputs": {
        "flake-utils": [
          "flake-utils"
        ],
        "nixpkgs": [
          "nixpkgs"
        ],
        "rust-overlay": [
          "rust-overlay"
        ]
      },
      "locked": {
        "lastModified": 1770327155,
        "narHash": "sha256-KIMpwWKAm70JGxjeT0Zt0Wg+C1ZImmxPUpFvHBtZa1M=",
        "owner": "IronCoreLabs",
        "repo": "ironoxide-cli",
        "rev": "b6e2f41679e34e6e7797593236edd2d4bac4e49c",
        "type": "github"
      },
      "original": {
        "owner": "IronCoreLabs",
        "repo": "ironoxide-cli",
        "type": "github"
      }
    },
    "mbr": {
      "inputs": {
        "crane": "crane",
        "flake-utils": "flake-utils_2",
        "nixpkgs": "nixpkgs",
        "rust-overlay": "rust-overlay"
      },
      "locked": {
        "lastModified": 1770211626,
        "narHash": "sha256-yeR/gBzCOu8oFXEJsU6LVUThw7ANUvegO8IYjL6GUyU=",
        "owner": "zmre",
        "repo": "mbr-markdown-browser",
        "rev": "c2f1037878c0cc87fab03a54ca370e393a3a773c",
        "type": "github"
      },
      "original": {
        "owner": "zmre",
        "repo": "mbr-markdown-browser",
        "type": "github"
      }
    },
    "mbr-markdown-browser": {
      "inputs": {
        "crane": "crane_2",
        "flake-utils": "flake-utils_3",
        "nixpkgs": "nixpkgs_5",
        "rust-overlay": "rust-overlay_2"
      },
      "locked": {
        "lastModified": 1770576921,
        "narHash": "sha256-4zacvoOwcXiehBQ6vw3PTMSQFG2I981L5nY1u5qdrOQ=",
        "owner": "zmre",
        "repo": "mbr-markdown-browser",
        "rev": "51702c875d32b3ebf89cace1aa018700efc69f3f",
        "type": "github"
      },
      "original": {
        "owner": "zmre",
        "repo": "mbr-markdown-browser",
        "type": "github"
      }
    },
    "mermaid-rust-cli": {
      "flake": false,
      "locked": {
        "lastModified": 1770145018,
        "narHash": "sha256-zXGAhPvFabimL2D/OOHpOELWQ7TWCf6SfaCUPSt7hoU=",
        "owner": "1jehuang",
        "repo": "mermaid-rs-renderer",
        "rev": "9d6790bcaa22451fb36882eb69e49dc969e9637c",
        "type": "github"
      },
      "original": {
        "owner": "1jehuang",
        "repo": "mermaid-rs-renderer",
        "type": "github"
      }
    },
    "nix-ai-tools": {
      "inputs": {
        "blueprint": "blueprint",
        "nixpkgs": "nixpkgs_3",
        "treefmt-nix": "treefmt-nix"
      },
      "locked": {
        "lastModified": 1770473916,
        "narHash": "sha256-jfOVTGxI5ZlrQfWL54Q3rNJay7o3ildR6V0xWbbdtCs=",
        "owner": "numtide",
        "repo": "nix-ai-tools",
        "rev": "8d9477a64eec0c99f9c41c03342bb8b7f764412b",
        "type": "github"
      },
      "original": {
        "owner": "numtide",
        "repo": "nix-ai-tools",
        "type": "github"
      }
    },
    "nix-homebrew": {
      "inputs": {
        "brew-src": "brew-src"
      },
      "locked": {
        "lastModified": 1769437432,
        "narHash": "sha256-8d7KnCpT2LweRvSzZYEGd9IM3eFX+A78opcnDM0+ndk=",
        "owner": "zhaofengli",
        "repo": "nix-homebrew",
        "rev": "a5409abd0d5013d79775d3419bcac10eacb9d8c5",
        "type": "github"
      },
      "original": {
        "owner": "zhaofengli",
        "repo": "nix-homebrew",
        "type": "github"
      }
    },
    "nix-index-database": {
      "inputs": {
        "nixpkgs": [
          "nixpkgs"
        ]
      },
      "locked": {
        "lastModified": 1770315571,
        "narHash": "sha256-hy0gcAgAcxrnSWKGuNO+Ob0x6jQ2xkR6hoaR0qJBHYs=",
        "owner": "nix-community",
        "repo": "nix-index-database",
        "rev": "2684bb8080a6f2ca5f9d494de5ef875bc1c4ecdb",
        "type": "github"
      },
      "original": {
        "owner": "nix-community",
        "repo": "nix-index-database",
        "type": "github"
      }
    },
    "nixos-hardware": {
      "locked": {
        "lastModified": 1769302137,
        "narHash": "sha256-QEDtctEkOsbx8nlFh4yqPEOtr4tif6KTqWwJ37IM2ds=",
        "owner": "NixOS",
        "repo": "nixos-hardware",
        "rev": "a351494b0e35fd7c0b7a1aae82f0afddf4907aa8",
        "type": "github"
      },
      "original": {
        "owner": "NixOS",
        "repo": "nixos-hardware",
        "type": "github"
      }
    },
    "nixpkgs": {
      "locked": {
        "lastModified": 1765750102,
        "narHash": "sha256-0VK0PKOmryh4V2aBakcTpgshQZ7qRsRRwDm7Eqhs1ZI=",
        "owner": "NixOS",
        "repo": "nixpkgs",
        "rev": "8e8751ad07080fe4d5737a0430cd5c1d3ba5c005",
        "type": "github"
      },
      "original": {
        "owner": "NixOS",
        "ref": "nixpkgs-25.11-darwin",
        "repo": "nixpkgs",
        "type": "github"
      }
    },
    "nixpkgs-stable": {
      "locked": {
        "lastModified": 1770464364,
        "narHash": "sha256-z5NJPSBwsLf/OfD8WTmh79tlSU8XgIbwmk6qB1/TFzY=",
        "owner": "nixos",
        "repo": "nixpkgs",
        "rev": "23d72dabcb3b12469f57b37170fcbc1789bd7457",
        "type": "github"
      },
      "original": {
        "owner": "nixos",
        "ref": "nixos-25.11",
        "repo": "nixpkgs",
        "type": "github"
      }
    },
    "nixpkgs-stable-darwin": {
      "locked": {
        "lastModified": 1770199426,
        "narHash": "sha256-v2Q5fVJ0nXNeYq4tKhcCPOM9FtW+g/QH0GM/2ves5ek=",
        "owner": "nixos",
        "repo": "nixpkgs",
        "rev": "15826d42656cb99d69d429aee8c0ce2a486275d0",
        "type": "github"
      },
      "original": {
        "owner": "nixos",
        "ref": "nixpkgs-25.11-darwin",
        "repo": "nixpkgs",
        "type": "github"
      }
    },
    "nixpkgs_2": {
      "locked": {
        "lastModified": 1744536153,
        "narHash": "sha256-awS2zRgF4uTwrOKwwiJcByDzDOdo3Q1rPZbiHQg/N38=",
        "owner": "NixOS",
        "repo": "nixpkgs",
        "rev": "18dd725c29603f582cf1900e0d25f9f1063dbf11",
        "type": "github"
      },
      "original": {
        "owner": "NixOS",
        "ref": "nixpkgs-unstable",
        "repo": "nixpkgs",
        "type": "github"
      }
    },
    "nixpkgs_3": {
      "locked": {
        "lastModified": 1770380644,
        "narHash": "sha256-P7dWMHRUWG5m4G+06jDyThXO7kwSk46C1kgjEWcybkE=",
        "owner": "NixOS",
        "repo": "nixpkgs",
        "rev": "ae67888ff7ef9dff69b3cf0cc0fbfbcd3a722abe",
        "type": "github"
      },
      "original": {
        "owner": "NixOS",
        "ref": "nixpkgs-unstable",
        "repo": "nixpkgs",
        "type": "github"
      }
    },
    "nixpkgs_4": {
      "locked": {
        "lastModified": 1770197578,
        "narHash": "sha256-AYqlWrX09+HvGs8zM6ebZ1pwUqjkfpnv8mewYwAo+iM=",
        "owner": "NixOS",
        "repo": "nixpkgs",
        "rev": "00c21e4c93d963c50d4c0c89bfa84ed6e0694df2",
        "type": "github"
      },
      "original": {
        "owner": "NixOS",
        "ref": "nixos-unstable",
        "repo": "nixpkgs",
        "type": "github"
      }
    },
    "nixpkgs_5": {
      "locked": {
        "lastModified": 1770199426,
        "narHash": "sha256-v2Q5fVJ0nXNeYq4tKhcCPOM9FtW+g/QH0GM/2ves5ek=",
        "owner": "NixOS",
        "repo": "nixpkgs",
        "rev": "15826d42656cb99d69d429aee8c0ce2a486275d0",
        "type": "github"
      },
      "original": {
        "owner": "NixOS",
        "ref": "nixpkgs-25.11-darwin",
        "repo": "nixpkgs",
        "type": "github"
      }
    },
    "nixpkgs_6": {
      "locked": {
        "lastModified": 1744536153,
        "narHash": "sha256-awS2zRgF4uTwrOKwwiJcByDzDOdo3Q1rPZbiHQg/N38=",
        "owner": "NixOS",
        "repo": "nixpkgs",
        "rev": "18dd725c29603f582cf1900e0d25f9f1063dbf11",
        "type": "github"
      },
      "original": {
        "owner": "NixOS",
        "ref": "nixpkgs-unstable",
        "repo": "nixpkgs",
        "type": "github"
      }
    },
    "nixpkgs_7": {
      "locked": {
        "lastModified": 1770537093,
        "narHash": "sha256-pF1quXG5wsgtyuPOHcLfYg/ft/QMr8NnX0i6tW2187s=",
        "owner": "nixos",
        "repo": "nixpkgs",
        "rev": "fef9403a3e4d31b0a23f0bacebbec52c248fbb51",
        "type": "github"
      },
      "original": {
        "owner": "nixos",
        "ref": "nixpkgs-unstable",
        "repo": "nixpkgs",
        "type": "github"
      }
    },
    "nixpkgs_8": {
      "locked": {
        "lastModified": 1770169770,
        "narHash": "sha256-awR8qIwJxJJiOmcEGgP2KUqYmHG4v/z8XpL9z8FnT1A=",
        "owner": "nixos",
        "repo": "nixpkgs",
        "rev": "aa290c9891fa4ebe88f8889e59633d20cc06a5f2",
        "type": "github"
      },
      "original": {
        "owner": "nixos",
        "ref": "nixpkgs-unstable",
        "repo": "nixpkgs",
        "type": "github"
      }
    },
    "nixpkgs_9": {
      "locked": {
        "lastModified": 1744536153,
        "narHash": "sha256-awS2zRgF4uTwrOKwwiJcByDzDOdo3Q1rPZbiHQg/N38=",
        "owner": "NixOS",
        "repo": "nixpkgs",
        "rev": "18dd725c29603f582cf1900e0d25f9f1063dbf11",
        "type": "github"
      },
      "original": {
        "owner": "NixOS",
        "ref": "nixpkgs-unstable",
        "repo": "nixpkgs",
        "type": "github"
      }
    },
    "nur": {
      "inputs": {
        "flake-parts": [
          "flake-parts"
        ],
        "nixpkgs": [
          "nixpkgs"
        ]
      },
      "locked": {
        "lastModified": 1770574173,
        "narHash": "sha256-ekK2BcDIXbBk1mnm//dv6asyfLiF9Ugfbb8kJRTdzOc=",
        "owner": "nix-community",
        "repo": "NUR",
        "rev": "f10d820e7884f495b55729c081fef6c9b6046950",
        "type": "github"
      },
      "original": {
        "owner": "nix-community",
        "repo": "NUR",
        "type": "github"
      }
    },
    "nvim-treesitter-textobjects": {
      "flake": false,
      "locked": {
        "lastModified": 1769600306,
        "narHash": "sha256-J3D+nbalJqZ4aeFBD7veW6TuI0BEU2jbx5pMEew4dkA=",
        "owner": "nvim-treesitter",
        "repo": "nvim-treesitter-textobjects",
        "rev": "a0e182ae21fda68c59d1f36c9ed45600aef50311",
        "type": "github"
      },
      "original": {
        "owner": "nvim-treesitter",
        "ref": "main",
        "repo": "nvim-treesitter-textobjects",
        "type": "github"
      }
    },
    "paiTemplate": {
      "inputs": {
        "fabric": [
          "iris",
          "fabric"
        ],
        "flake-parts": [
          "iris",
          "flake-parts"
        ],
        "nix-ai-tools": [
          "iris",
          "nix-ai-tools"
        ],
        "nixpkgs": [
          "iris",
          "nixpkgs"
        ]
      },
      "locked": {
        "lastModified": 1770510218,
        "narHash": "sha256-m0bYRC5v2mg9FRLgo/LYcZX7pvMAG4QR9q2uT6kmsPc=",
        "owner": "zmre",
        "repo": "nix-pai",
        "rev": "a20da25d02ec2d90a9e94e855ffb0b18edaaa9dd",
        "type": "github"
      },
      "original": {
        "owner": "zmre",
        "repo": "nix-pai",
        "type": "github"
      }
    },
    "promise-lua": {
      "flake": false,
      "locked": {
        "lastModified": 1603853302,
        "narHash": "sha256-LNNLTAAEPIalRSjC6z8QTkhnmwpFAHSlwxuFxb9r2OE=",
        "owner": "pyericz",
        "repo": "promise-lua",
        "rev": "20d2ab1bb6aa398fe06ba597c943077a72c22451",
        "type": "github"
      },
      "original": {
        "owner": "pyericz",
        "repo": "promise-lua",
        "type": "github"
      }
    },
    "pwaerospace": {
      "inputs": {
        "flake-utils": [
          "flake-utils"
        ],
        "nixpkgs": [
          "nixpkgs"
        ],
        "promise-lua": "promise-lua",
        "sbarlua": "sbarlua",
        "sketchybar": "sketchybar"
      },
      "locked": {
        "lastModified": 1770250423,
        "narHash": "sha256-NousMPQt3/xTiBlqvVmF1JHdvjtI0dZkKkUXEcaDu7E=",
        "owner": "zmre",
        "repo": "aerospace-sketchybar-nix-lua-config",
        "rev": "903c653b655fef52056b76635441b6df61b7d48f",
        "type": "github"
      },
      "original": {
        "owner": "zmre",
        "repo": "aerospace-sketchybar-nix-lua-config",
        "type": "github"
      }
    },
    "pwneovide": {
      "inputs": {
        "flake-compat": [
          "flake-compat"
        ],
        "flake-utils": [
          "flake-utils"
        ],
        "nixpkgs": [
          "nixpkgs"
        ],
        "pwnvim": [
          "pwnvim"
        ],
        "rust-overlay": "rust-overlay_3"
      },
      "locked": {
        "lastModified": 1768447987,
        "narHash": "sha256-9h4Mtp8DB7FgPoprsN56QqRbnhykEgs5welsKzf3bjA=",
        "owner": "zmre",
        "repo": "pwneovide",
        "rev": "777243d8088efa2cab2ba7dce94202d4417fe8b8",
        "type": "github"
      },
      "original": {
        "owner": "zmre",
        "repo": "pwneovide",
        "type": "github"
      }
    },
    "pwnvim": {
      "inputs": {
        "clipboard-image": "clipboard-image",
        "fenix": "fenix",
        "flake-compat": [
          "flake-compat"
        ],
        "flake-utils": [
          "flake-utils"
        ],
        "mbr": [
          "mbr-markdown-browser"
        ],
        "mermaid-rust-cli": "mermaid-rust-cli",
        "nixpkgs": "nixpkgs_8",
        "nvim-treesitter-textobjects": "nvim-treesitter-textobjects",
        "todo-comments-nvim": "todo-comments-nvim"
      },
      "locked": {
        "lastModified": 1770424831,
        "narHash": "sha256-q/aRiBQ3aij5zrOF/iGwJhPfFKvmn35u/D6i9Xob3eY=",
        "owner": "zmre",
        "repo": "pwnvim",
        "rev": "49499674b611ebd2e8f004fc0ef1179d4db97a22",
        "type": "github"
      },
      "original": {
        "owner": "zmre",
        "repo": "pwnvim",
        "type": "github"
      }
    },
    "root": {
      "inputs": {
        "city-explorer": "city-explorer",
        "darwin": "darwin",
        "disko": "disko",
        "flake-compat": "flake-compat",
        "flake-file": "flake-file",
        "flake-parts": "flake-parts",
        "flake-utils": "flake-utils",
        "gh-feed": "gh-feed",
        "gh-worktree": "gh-worktree",
        "hackernews-tui": "hackernews-tui",
        "home-manager": "home-manager",
        "homebrew-cask": "homebrew-cask",
        "homebrew-core": "homebrew-core",
        "homebrew-freetube": "homebrew-freetube",
        "import-tree": "import-tree",
        "iris": "iris",
        "ironhide": "ironhide",
        "ironoxide": "ironoxide",
        "mbr-markdown-browser": "mbr-markdown-browser",
        "nix-homebrew": "nix-homebrew",
        "nix-index-database": "nix-index-database",
        "nixos-hardware": "nixos-hardware",
        "nixpkgs": "nixpkgs_7",
        "nixpkgs-lib": [
          "nixpkgs"
        ],
        "nixpkgs-stable": "nixpkgs-stable",
        "nixpkgs-stable-darwin": "nixpkgs-stable-darwin",
        "nur": "nur",
        "pwaerospace": "pwaerospace",
        "pwneovide": "pwneovide",
        "pwnvim": "pwnvim",
        "rust-overlay": "rust-overlay_4",
        "sbhosts": "sbhosts",
        "systems": "systems_6",
        "yazi-flavors": "yazi-flavors",
        "yazi-quicklook": "yazi-quicklook"
      }
    },
    "rust-analyzer-src": {
      "flake": false,
      "locked": {
        "lastModified": 1770092556,
        "narHash": "sha256-DcUKN1nzz7LhyZGJMhSBhY5zrl8/GjJJ9SNqqTd77OQ=",
        "owner": "rust-lang",
        "repo": "rust-analyzer",
        "rev": "a84d92ff213e30fb00d7b812e07c4f67e99dcd29",
        "type": "github"
      },
      "original": {
        "owner": "rust-lang",
        "ref": "nightly",
        "repo": "rust-analyzer",
        "type": "github"
      }
    },
    "rust-overlay": {
      "inputs": {
        "nixpkgs": "nixpkgs_2"
      },
      "locked": {
        "lastModified": 1765852971,
        "narHash": "sha256-rQdOMqfQNhcfqvh1dFIVWh09mrIWwerUJqqBdhIsf8g=",
        "owner": "oxalica",
        "repo": "rust-overlay",
        "rev": "5f98ccecc9f1bc1c19c0a350a659af1a04b3b319",
        "type": "github"
      },
      "original": {
        "owner": "oxalica",
        "repo": "rust-overlay",
        "type": "github"
      }
    },
    "rust-overlay_2": {
      "inputs": {
        "nixpkgs": "nixpkgs_6"
      },
      "locked": {
        "lastModified": 1770520253,
        "narHash": "sha256-6rWuHgSENXKnC6HGGAdRolQrnp/8IzscDn7FQEo1uEQ=",
        "owner": "oxalica",
        "repo": "rust-overlay",
        "rev": "ebb8a141f60bb0ec33836333e0ca7928a072217f",
        "type": "github"
      },
      "original": {
        "owner": "oxalica",
        "repo": "rust-overlay",
        "type": "github"
      }
    },
    "rust-overlay_3": {
      "inputs": {
        "nixpkgs": [
          "pwneovide",
          "nixpkgs"
        ]
      },
      "locked": {
        "lastModified": 1768445213,
        "narHash": "sha256-y0BglISgDr61vvdb35m0O4npuqh1pojlBNDILo9j8AI=",
        "owner": "oxalica",
        "repo": "rust-overlay",
        "rev": "1cd63408e71cc0e6a89ff2cb7c4107214e2523cc",
        "type": "github"
      },
      "original": {
        "owner": "oxalica",
        "repo": "rust-overlay",
        "type": "github"
      }
    },
    "rust-overlay_4": {
      "inputs": {
        "nixpkgs": "nixpkgs_9"
      },
      "locked": {
        "lastModified": 1770520253,
        "narHash": "sha256-6rWuHgSENXKnC6HGGAdRolQrnp/8IzscDn7FQEo1uEQ=",
        "owner": "oxalica",
        "repo": "rust-overlay",
        "rev": "ebb8a141f60bb0ec33836333e0ca7928a072217f",
        "type": "github"
      },
      "original": {
        "owner": "oxalica",
        "repo": "rust-overlay",
        "type": "github"
      }
    },
    "sbarlua": {
      "flake": false,
      "locked": {
        "lastModified": 1723484726,
        "narHash": "sha256-F0UfNxHM389GhiPQ6/GFbeKQq5EvpiqQdvyf7ygzkPg=",
        "owner": "FelixKratz",
        "repo": "SbarLua",
        "rev": "437bd2031da38ccda75827cb7548e7baa4aa9978",
        "type": "github"
      },
      "original": {
        "owner": "FelixKratz",
        "repo": "SbarLua",
        "type": "github"
      }
    },
    "sbhosts": {
      "flake": false,
      "locked": {
        "lastModified": 1770244988,
        "narHash": "sha256-DT9HK9iYTmXUfjKcTxLRMZOeCLb9CAoFEpBiDpEku3g=",
        "owner": "StevenBlack",
        "repo": "hosts",
        "rev": "7ea67ed353b27e1dbe36363074d1b6c3ca6be46b",
        "type": "github"
      },
      "original": {
        "owner": "StevenBlack",
        "repo": "hosts",
        "type": "github"
      }
    },
    "sketchybar": {
      "flake": false,
      "locked": {
        "lastModified": 1768056282,
        "narHash": "sha256-Tz0VCwhYdBClCW/7g5oxzKtFQZZn++9ufZ3eS/wLMGk=",
        "owner": "FelixKratz",
        "repo": "SketchyBar",
        "rev": "4c241746b3af9a14a0ad69012ace5305b7f0a53b",
        "type": "github"
      },
      "original": {
        "owner": "FelixKratz",
        "repo": "SketchyBar",
        "type": "github"
      }
    },
    "systems": {
      "locked": {
        "lastModified": 1681028828,
        "narHash": "sha256-Vy1rq5AaRuLzOxct8nz4T6wlgyUR7zLU309k9mBC768=",
        "owner": "nix-systems",
        "repo": "default",
        "rev": "da67096a3b9bf56a91d16901293e51ba5b49a27e",
        "type": "github"
      },
      "original": {
        "owner": "nix-systems",
        "repo": "default",
        "type": "github"
      }
    },
    "systems_2": {
      "locked": {
        "lastModified": 1681028828,
        "narHash": "sha256-Vy1rq5AaRuLzOxct8nz4T6wlgyUR7zLU309k9mBC768=",
        "owner": "nix-systems",
        "repo": "default",
        "rev": "da67096a3b9bf56a91d16901293e51ba5b49a27e",
        "type": "github"
      },
      "original": {
        "owner": "nix-systems",
        "repo": "default",
        "type": "github"
      }
    },
    "systems_3": {
      "locked": {
        "lastModified": 1681028828,
        "narHash": "sha256-Vy1rq5AaRuLzOxct8nz4T6wlgyUR7zLU309k9mBC768=",
        "owner": "nix-systems",
        "repo": "default",
        "rev": "da67096a3b9bf56a91d16901293e51ba5b49a27e",
        "type": "github"
      },
      "original": {
        "owner": "nix-systems",
        "repo": "default",
        "type": "github"
      }
    },
    "systems_4": {
      "locked": {
        "lastModified": 1681028828,
        "narHash": "sha256-Vy1rq5AaRuLzOxct8nz4T6wlgyUR7zLU309k9mBC768=",
        "owner": "nix-systems",
        "repo": "default",
        "rev": "da67096a3b9bf56a91d16901293e51ba5b49a27e",
        "type": "github"
      },
      "original": {
        "owner": "nix-systems",
        "repo": "default",
        "type": "github"
      }
    },
    "systems_5": {
      "locked": {
        "lastModified": 1681028828,
        "narHash": "sha256-Vy1rq5AaRuLzOxct8nz4T6wlgyUR7zLU309k9mBC768=",
        "owner": "nix-systems",
        "repo": "default",
        "rev": "da67096a3b9bf56a91d16901293e51ba5b49a27e",
        "type": "github"
      },
      "original": {
        "owner": "nix-systems",
        "repo": "default",
        "type": "github"
      }
    },
    "systems_6": {
      "locked": {
        "lastModified": 1681028828,
        "narHash": "sha256-Vy1rq5AaRuLzOxct8nz4T6wlgyUR7zLU309k9mBC768=",
        "owner": "nix-systems",
        "repo": "default",
        "rev": "da67096a3b9bf56a91d16901293e51ba5b49a27e",
        "type": "github"
      },
      "original": {
        "owner": "nix-systems",
        "repo": "default",
        "type": "github"
      }
    },
    "todo-comments-nvim": {
      "flake": false,
      "locked": {
        "lastModified": 1764472331,
        "narHash": "sha256-FRB0KcLCtlycH1YS6ko+CsHqO7bHhkzu/XvThU6GD68=",
        "owner": "belltoy",
        "repo": "todo-comments.nvim",
        "rev": "dbe224bc0bd4378425cbd65602386f5846bd7354",
        "type": "github"
      },
      "original": {
        "owner": "belltoy",
        "ref": "main",
        "repo": "todo-comments.nvim",
        "type": "github"
      }
    },
    "treefmt-nix": {
      "inputs": {
        "nixpkgs": [
          "iris",
          "nix-ai-tools",
          "nixpkgs"
        ]
      },
      "locked": {
        "lastModified": 1770228511,
        "narHash": "sha256-wQ6NJSuFqAEmIg2VMnLdCnUc0b7vslUohqqGGD+Fyxk=",
        "owner": "numtide",
        "repo": "treefmt-nix",
        "rev": "337a4fe074be1042a35086f15481d763b8ddc0e7",
        "type": "github"
      },
      "original": {
        "owner": "numtide",
        "repo": "treefmt-nix",
        "type": "github"
      }
    },
    "utils": {
      "inputs": {
        "systems": "systems_2"
      },
      "locked": {
        "lastModified": 1710146030,
        "narHash": "sha256-SZ5L6eA7HJ/nmkzGG7/ISclqe6oZdOZTNoesiInkXPQ=",
        "owner": "numtide",
        "repo": "flake-utils",
        "rev": "b1d9ab70662946ef0850d488da1c9019f3a9752a",
        "type": "github"
      },
      "original": {
        "owner": "numtide",
        "repo": "flake-utils",
        "type": "github"
      }
    },
    "yazi-flavors": {
      "flake": false,
      "locked": {
        "lastModified": 1770522883,
        "narHash": "sha256-tCAJXPV7s1akc+zHGdWjmdMPG4NpBE92vcO7LAvI5TI=",
        "owner": "yazi-rs",
        "repo": "flavors",
        "rev": "4c5753789ea535540e868e2764127be9230cef23",
        "type": "github"
      },
      "original": {
        "owner": "yazi-rs",
        "repo": "flavors",
        "type": "github"
      }
    },
    "yazi-quicklook": {
      "flake": false,
      "locked": {
        "lastModified": 1769095748,
        "narHash": "sha256-FaioT4Vx2TKC+wCAwRjE0byiivw7NuCvnt34DHJB25c=",
        "owner": "vvatikiotis",
        "repo": "quicklook.yazi",
        "rev": "f8f8feb686a773bfc296e3f76faf04b1ddc21772",
        "type": "github"
      },
      "original": {
        "owner": "vvatikiotis",
        "repo": "quicklook.yazi",
        "type": "github"
      }
    }
  },
  "root": "root",
  "version": 7
}
